// !$*UTF8*$!
{
	archiveVersion = 1;
	classes = {
	};
	objectVersion = 51;
	objects = {

/* Begin PBXBuildFile section */
		2ADCF0DE1524D1FAB6EEA8A8 /* Pods_DinoGame_DinoGameUITests.framework in Frameworks */ = {isa = PBXBuildFile; fileRef = 13FEC617FDFE97DB23D8B9E3 /* Pods_DinoGame_DinoGameUITests.framework */; };
		B96B56442DFA7598CF36DCEA /* Pods_DinoGame.framework in Frameworks */ = {isa = PBXBuildFile; fileRef = A1E8D85AE2A6485F972483BA /* Pods_DinoGame.framework */; };
		F076C96733D8614952DAEDCF /* Pods_DinoGameTests.framework in Frameworks */ = {isa = PBXBuildFile; fileRef = 2C690625A243B710837C0E52 /* Pods_DinoGameTests.framework */; };
		FC31A03024ACEF500007A5CB /* Advertisements.swift in Sources */ = {isa = PBXBuildFile; fileRef = FC31A02F24ACEF500007A5CB /* Advertisements.swift */; };
		FC31A03224AD2D740007A5CB /* backgroundMusic.mp3 in Resources */ = {isa = PBXBuildFile; fileRef = FC31A03124AD2D740007A5CB /* backgroundMusic.mp3 */; };
		FC31A03424AD358F0007A5CB /* ShopScene.swift in Sources */ = {isa = PBXBuildFile; fileRef = FC31A03324AD358F0007A5CB /* ShopScene.swift */; };
		FC31A03A24AD370F0007A5CB /* StarClass.swift in Sources */ = {isa = PBXBuildFile; fileRef = FC31A03924AD370F0007A5CB /* StarClass.swift */; };
		FC31A03D24AD3D750007A5CB /* Stars.sks in Resources */ = {isa = PBXBuildFile; fileRef = FC31A03B24AD3D750007A5CB /* Stars.sks */; };
		FC31A04024AECB460007A5CB /* Alertable.swift in Sources */ = {isa = PBXBuildFile; fileRef = FC31A03F24AECB450007A5CB /* Alertable.swift */; };
		FC31A04224AF8EBE0007A5CB /* StoreKit.framework in Frameworks */ = {isa = PBXBuildFile; fileRef = FC31A04124AF8EBE0007A5CB /* StoreKit.framework */; };
		FC7136B82493F78800199EE4 /* ArcadeFont.ttf in Resources */ = {isa = PBXBuildFile; fileRef = FC7136B72493F78800199EE4 /* ArcadeFont.ttf */; };
		FC7136BD24967C8100199EE4 /* boom.wav in Resources */ = {isa = PBXBuildFile; fileRef = FC7136BC24967C8100199EE4 /* boom.wav */; };
		FC7136BF249680C800199EE4 /* explosion.wav in Resources */ = {isa = PBXBuildFile; fileRef = FC7136BE249680C800199EE4 /* explosion.wav */; };
		FC713724249C6B3100199EE4 /* ConnectionIii-Rj3W.otf in Resources */ = {isa = PBXBuildFile; fileRef = FC713723249C6B3100199EE4 /* ConnectionIii-Rj3W.otf */; };
		FCB27206248DB17500EB0A38 /* AppDelegate.swift in Sources */ = {isa = PBXBuildFile; fileRef = FCB27205248DB17500EB0A38 /* AppDelegate.swift */; };
		FCB2720C248DB17500EB0A38 /* GameScene.swift in Sources */ = {isa = PBXBuildFile; fileRef = FCB2720B248DB17500EB0A38 /* GameScene.swift */; };
		FCB2720E248DB17500EB0A38 /* GameViewController.swift in Sources */ = {isa = PBXBuildFile; fileRef = FCB2720D248DB17500EB0A38 /* GameViewController.swift */; };
		FCB27211248DB17500EB0A38 /* Main.storyboard in Resources */ = {isa = PBXBuildFile; fileRef = FCB2720F248DB17500EB0A38 /* Main.storyboard */; };
		FCB27213248DB17700EB0A38 /* Assets.xcassets in Resources */ = {isa = PBXBuildFile; fileRef = FCB27212248DB17700EB0A38 /* Assets.xcassets */; };
		FCB27216248DB17700EB0A38 /* LaunchScreen.storyboard in Resources */ = {isa = PBXBuildFile; fileRef = FCB27214248DB17700EB0A38 /* LaunchScreen.storyboard */; };
		FCB27221248DB17700EB0A38 /* DinoGameTests.swift in Sources */ = {isa = PBXBuildFile; fileRef = FCB27220248DB17700EB0A38 /* DinoGameTests.swift */; };
		FCB2722C248DB17700EB0A38 /* DinoGameUITests.swift in Sources */ = {isa = PBXBuildFile; fileRef = FCB2722B248DB17700EB0A38 /* DinoGameUITests.swift */; };
		FCC7701E24A822B300923725 /* Localizable.strings in Resources */ = {isa = PBXBuildFile; fileRef = FCC7702024A822B300923725 /* Localizable.strings */; };
		FCCD968A24C2831A00FB5A9E /* GoogleService-Info.plist in Resources */ = {isa = PBXBuildFile; fileRef = FCCD968924C2831A00FB5A9E /* GoogleService-Info.plist */; };
		FCCD96AA24C4150200FB5A9E /* HighscoreScene.swift in Sources */ = {isa = PBXBuildFile; fileRef = FCCD96A924C4150200FB5A9E /* HighscoreScene.swift */; };
		FCCD96B024C8B86C00FB5A9E /* leaderboard.storyboard in Resources */ = {isa = PBXBuildFile; fileRef = FCCD96AF24C8B86C00FB5A9E /* leaderboard.storyboard */; };
		FCCD96B324CAA5BD00FB5A9E /* GameKit.framework in Frameworks */ = {isa = PBXBuildFile; fileRef = FCCD96B224CAA5BD00FB5A9E /* GameKit.framework */; };
		FCCD96B524CB609700FB5A9E /* Leaderboard.swift in Sources */ = {isa = PBXBuildFile; fileRef = FCCD96B424CB609700FB5A9E /* Leaderboard.swift */; };
		FCCD96B724CE84F700FB5A9E /* waveleaderboard.storyboard in Resources */ = {isa = PBXBuildFile; fileRef = FCCD96B624CE84F700FB5A9E /* waveleaderboard.storyboard */; };
		FCD20EED248F10800092E631 /* AsteroidClass.swift in Sources */ = {isa = PBXBuildFile; fileRef = FCD20EEC248F10800092E631 /* AsteroidClass.swift */; };
		FCD20EF1248FE3970092E631 /* MenuScene.swift in Sources */ = {isa = PBXBuildFile; fileRef = FCD20EF0248FE3970092E631 /* MenuScene.swift */; };
		FCD20EF3249146EE0092E631 /* ReviewService.swift in Sources */ = {isa = PBXBuildFile; fileRef = FCD20EF2249146EE0092E631 /* ReviewService.swift */; };
/* End PBXBuildFile section */

/* Begin PBXContainerItemProxy section */
		FCB2721D248DB17700EB0A38 /* PBXContainerItemProxy */ = {
			isa = PBXContainerItemProxy;
			containerPortal = FCB271FA248DB17500EB0A38 /* Project object */;
			proxyType = 1;
			remoteGlobalIDString = FCB27201248DB17500EB0A38;
			remoteInfo = DinoGame;
		};
		FCB27228248DB17700EB0A38 /* PBXContainerItemProxy */ = {
			isa = PBXContainerItemProxy;
			containerPortal = FCB271FA248DB17500EB0A38 /* Project object */;
			proxyType = 1;
			remoteGlobalIDString = FCB27201248DB17500EB0A38;
			remoteInfo = DinoGame;
		};
/* End PBXContainerItemProxy section */

/* Begin PBXFileReference section */
		13FEC617FDFE97DB23D8B9E3 /* Pods_DinoGame_DinoGameUITests.framework */ = {isa = PBXFileReference; explicitFileType = wrapper.framework; includeInIndex = 0; path = Pods_DinoGame_DinoGameUITests.framework; sourceTree = BUILT_PRODUCTS_DIR; };
		2BD63D5E86F3647BAFC54790 /* Pods-DinoGame-DinoGameUITests.release.xcconfig */ = {isa = PBXFileReference; includeInIndex = 1; lastKnownFileType = text.xcconfig; name = "Pods-DinoGame-DinoGameUITests.release.xcconfig"; path = "Target Support Files/Pods-DinoGame-DinoGameUITests/Pods-DinoGame-DinoGameUITests.release.xcconfig"; sourceTree = "<group>"; };
		2C690625A243B710837C0E52 /* Pods_DinoGameTests.framework */ = {isa = PBXFileReference; explicitFileType = wrapper.framework; includeInIndex = 0; path = Pods_DinoGameTests.framework; sourceTree = BUILT_PRODUCTS_DIR; };
		33735396B8B0DA1EE36F113F /* Pods-DinoGame.release.xcconfig */ = {isa = PBXFileReference; includeInIndex = 1; lastKnownFileType = text.xcconfig; name = "Pods-DinoGame.release.xcconfig"; path = "Target Support Files/Pods-DinoGame/Pods-DinoGame.release.xcconfig"; sourceTree = "<group>"; };
		727BFD01A73A9BAD12F6C9D9 /* Pods-DinoGameTests.release.xcconfig */ = {isa = PBXFileReference; includeInIndex = 1; lastKnownFileType = text.xcconfig; name = "Pods-DinoGameTests.release.xcconfig"; path = "Target Support Files/Pods-DinoGameTests/Pods-DinoGameTests.release.xcconfig"; sourceTree = "<group>"; };
		A1E8D85AE2A6485F972483BA /* Pods_DinoGame.framework */ = {isa = PBXFileReference; explicitFileType = wrapper.framework; includeInIndex = 0; path = Pods_DinoGame.framework; sourceTree = BUILT_PRODUCTS_DIR; };
		A546F0D63980BB9C5769F20A /* Pods-DinoGame-DinoGameUITests.debug.xcconfig */ = {isa = PBXFileReference; includeInIndex = 1; lastKnownFileType = text.xcconfig; name = "Pods-DinoGame-DinoGameUITests.debug.xcconfig"; path = "Target Support Files/Pods-DinoGame-DinoGameUITests/Pods-DinoGame-DinoGameUITests.debug.xcconfig"; sourceTree = "<group>"; };
		CD9B9082CAE7FED114ABE9FB /* Pods-DinoGame.debug.xcconfig */ = {isa = PBXFileReference; includeInIndex = 1; lastKnownFileType = text.xcconfig; name = "Pods-DinoGame.debug.xcconfig"; path = "Target Support Files/Pods-DinoGame/Pods-DinoGame.debug.xcconfig"; sourceTree = "<group>"; };
		E0C218DDD8C88D0201AC3EDB /* Pods-DinoGameTests.debug.xcconfig */ = {isa = PBXFileReference; includeInIndex = 1; lastKnownFileType = text.xcconfig; name = "Pods-DinoGameTests.debug.xcconfig"; path = "Target Support Files/Pods-DinoGameTests/Pods-DinoGameTests.debug.xcconfig"; sourceTree = "<group>"; };
		FC31A02F24ACEF500007A5CB /* Advertisements.swift */ = {isa = PBXFileReference; lastKnownFileType = sourcecode.swift; path = Advertisements.swift; sourceTree = "<group>"; };
		FC31A03124AD2D740007A5CB /* backgroundMusic.mp3 */ = {isa = PBXFileReference; lastKnownFileType = audio.mp3; path = backgroundMusic.mp3; sourceTree = "<group>"; };
		FC31A03324AD358F0007A5CB /* ShopScene.swift */ = {isa = PBXFileReference; lastKnownFileType = sourcecode.swift; path = ShopScene.swift; sourceTree = "<group>"; };
		FC31A03924AD370F0007A5CB /* StarClass.swift */ = {isa = PBXFileReference; lastKnownFileType = sourcecode.swift; path = StarClass.swift; sourceTree = "<group>"; };
		FC31A03B24AD3D750007A5CB /* Stars.sks */ = {isa = PBXFileReference; lastKnownFileType = file.sks; path = Stars.sks; sourceTree = "<group>"; };
		FC31A03F24AECB450007A5CB /* Alertable.swift */ = {isa = PBXFileReference; lastKnownFileType = sourcecode.swift; path = Alertable.swift; sourceTree = "<group>"; };
		FC31A04124AF8EBE0007A5CB /* StoreKit.framework */ = {isa = PBXFileReference; lastKnownFileType = wrapper.framework; name = StoreKit.framework; path = System/Library/Frameworks/StoreKit.framework; sourceTree = SDKROOT; };
		FC7136B72493F78800199EE4 /* ArcadeFont.ttf */ = {isa = PBXFileReference; lastKnownFileType = file; path = ArcadeFont.ttf; sourceTree = "<group>"; };
		FC7136BC24967C8100199EE4 /* boom.wav */ = {isa = PBXFileReference; lastKnownFileType = audio.wav; path = boom.wav; sourceTree = "<group>"; };
		FC7136BE249680C800199EE4 /* explosion.wav */ = {isa = PBXFileReference; lastKnownFileType = audio.wav; path = explosion.wav; sourceTree = "<group>"; };
		FC713723249C6B3100199EE4 /* ConnectionIii-Rj3W.otf */ = {isa = PBXFileReference; lastKnownFileType = file; path = "ConnectionIii-Rj3W.otf"; sourceTree = "<group>"; };
		FC9A169424A9003B0071D05B /* es */ = {isa = PBXFileReference; lastKnownFileType = text.plist.strings; name = es; path = es.lproj/Main.strings; sourceTree = "<group>"; };
		FC9A169524A9003B0071D05B /* es */ = {isa = PBXFileReference; lastKnownFileType = text.plist.strings; name = es; path = es.lproj/LaunchScreen.strings; sourceTree = "<group>"; };
		FC9A169624A9003B0071D05B /* es */ = {isa = PBXFileReference; lastKnownFileType = text.plist.strings; name = es; path = es.lproj/Localizable.strings; sourceTree = "<group>"; };
		FC9A169724A907460071D05B /* zh-Hans */ = {isa = PBXFileReference; lastKnownFileType = text.plist.strings; name = "zh-Hans"; path = "zh-Hans.lproj/Main.strings"; sourceTree = "<group>"; };
		FC9A169824A907460071D05B /* zh-Hans */ = {isa = PBXFileReference; lastKnownFileType = text.plist.strings; name = "zh-Hans"; path = "zh-Hans.lproj/LaunchScreen.strings"; sourceTree = "<group>"; };
		FC9A169924A907460071D05B /* zh-Hans */ = {isa = PBXFileReference; lastKnownFileType = text.plist.strings; name = "zh-Hans"; path = "zh-Hans.lproj/Localizable.strings"; sourceTree = "<group>"; };
		FC9A169A24A908D20071D05B /* hi */ = {isa = PBXFileReference; lastKnownFileType = text.plist.strings; name = hi; path = hi.lproj/Main.strings; sourceTree = "<group>"; };
		FC9A169B24A908D20071D05B /* hi */ = {isa = PBXFileReference; lastKnownFileType = text.plist.strings; name = hi; path = hi.lproj/LaunchScreen.strings; sourceTree = "<group>"; };
		FC9A169C24A908D30071D05B /* hi */ = {isa = PBXFileReference; lastKnownFileType = text.plist.strings; name = hi; path = hi.lproj/Localizable.strings; sourceTree = "<group>"; };
		FCB27202248DB17500EB0A38 /* Protect the Dinos.app */ = {isa = PBXFileReference; explicitFileType = wrapper.application; includeInIndex = 0; path = "Protect the Dinos.app"; sourceTree = BUILT_PRODUCTS_DIR; };
		FCB27205248DB17500EB0A38 /* AppDelegate.swift */ = {isa = PBXFileReference; lastKnownFileType = sourcecode.swift; path = AppDelegate.swift; sourceTree = "<group>"; };
		FCB2720B248DB17500EB0A38 /* GameScene.swift */ = {isa = PBXFileReference; lastKnownFileType = sourcecode.swift; path = GameScene.swift; sourceTree = "<group>"; };
		FCB2720D248DB17500EB0A38 /* GameViewController.swift */ = {isa = PBXFileReference; lastKnownFileType = sourcecode.swift; path = GameViewController.swift; sourceTree = "<group>"; };
		FCB27210248DB17500EB0A38 /* Base */ = {isa = PBXFileReference; lastKnownFileType = file.storyboard; name = Base; path = Base.lproj/Main.storyboard; sourceTree = "<group>"; };
		FCB27212248DB17700EB0A38 /* Assets.xcassets */ = {isa = PBXFileReference; lastKnownFileType = folder.assetcatalog; path = Assets.xcassets; sourceTree = "<group>"; };
		FCB27215248DB17700EB0A38 /* Base */ = {isa = PBXFileReference; lastKnownFileType = file.storyboard; name = Base; path = Base.lproj/LaunchScreen.storyboard; sourceTree = "<group>"; };
		FCB27217248DB17700EB0A38 /* Info.plist */ = {isa = PBXFileReference; lastKnownFileType = text.plist.xml; path = Info.plist; sourceTree = "<group>"; };
		FCB2721C248DB17700EB0A38 /* DinoGameTests.xctest */ = {isa = PBXFileReference; explicitFileType = wrapper.cfbundle; includeInIndex = 0; path = DinoGameTests.xctest; sourceTree = BUILT_PRODUCTS_DIR; };
		FCB27220248DB17700EB0A38 /* DinoGameTests.swift */ = {isa = PBXFileReference; lastKnownFileType = sourcecode.swift; path = DinoGameTests.swift; sourceTree = "<group>"; };
		FCB27222248DB17700EB0A38 /* Info.plist */ = {isa = PBXFileReference; lastKnownFileType = text.plist.xml; path = Info.plist; sourceTree = "<group>"; };
		FCB27227248DB17700EB0A38 /* DinoGameUITests.xctest */ = {isa = PBXFileReference; explicitFileType = wrapper.cfbundle; includeInIndex = 0; path = DinoGameUITests.xctest; sourceTree = BUILT_PRODUCTS_DIR; };
		FCB2722B248DB17700EB0A38 /* DinoGameUITests.swift */ = {isa = PBXFileReference; lastKnownFileType = sourcecode.swift; path = DinoGameUITests.swift; sourceTree = "<group>"; };
		FCB2722D248DB17700EB0A38 /* Info.plist */ = {isa = PBXFileReference; lastKnownFileType = text.plist.xml; path = Info.plist; sourceTree = "<group>"; };
		FCC7701C24A8228E00923725 /* fr */ = {isa = PBXFileReference; lastKnownFileType = text.plist.strings; name = fr; path = fr.lproj/Main.strings; sourceTree = "<group>"; };
		FCC7701D24A8228E00923725 /* fr */ = {isa = PBXFileReference; lastKnownFileType = text.plist.strings; name = fr; path = fr.lproj/LaunchScreen.strings; sourceTree = "<group>"; };
		FCC7701F24A822B300923725 /* en */ = {isa = PBXFileReference; lastKnownFileType = text.plist.strings; name = en; path = en.lproj/Localizable.strings; sourceTree = "<group>"; };
		FCC7702124A8234400923725 /* fr */ = {isa = PBXFileReference; lastKnownFileType = text.plist.strings; name = fr; path = fr.lproj/Localizable.strings; sourceTree = "<group>"; };
		FCCD968924C2831A00FB5A9E /* GoogleService-Info.plist */ = {isa = PBXFileReference; fileEncoding = 4; lastKnownFileType = text.plist.xml; path = "GoogleService-Info.plist"; sourceTree = "<group>"; };
		FCCD968B24C2877F00FB5A9E /* it */ = {isa = PBXFileReference; lastKnownFileType = text.plist.strings; name = it; path = it.lproj/Main.strings; sourceTree = "<group>"; };
		FCCD968C24C2877F00FB5A9E /* it */ = {isa = PBXFileReference; lastKnownFileType = text.plist.strings; name = it; path = it.lproj/LaunchScreen.strings; sourceTree = "<group>"; };
		FCCD968D24C2877F00FB5A9E /* it */ = {isa = PBXFileReference; lastKnownFileType = text.plist.strings; name = it; path = it.lproj/Localizable.strings; sourceTree = "<group>"; };
		FCCD968E24C2878600FB5A9E /* de */ = {isa = PBXFileReference; lastKnownFileType = text.plist.strings; name = de; path = de.lproj/Main.strings; sourceTree = "<group>"; };
		FCCD968F24C2878600FB5A9E /* de */ = {isa = PBXFileReference; lastKnownFileType = text.plist.strings; name = de; path = de.lproj/LaunchScreen.strings; sourceTree = "<group>"; };
		FCCD969024C2878600FB5A9E /* de */ = {isa = PBXFileReference; lastKnownFileType = text.plist.strings; name = de; path = de.lproj/Localizable.strings; sourceTree = "<group>"; };
		FCCD969124C2878C00FB5A9E /* ru */ = {isa = PBXFileReference; lastKnownFileType = text.plist.strings; name = ru; path = ru.lproj/Main.strings; sourceTree = "<group>"; };
		FCCD969224C2878C00FB5A9E /* ru */ = {isa = PBXFileReference; lastKnownFileType = text.plist.strings; name = ru; path = ru.lproj/LaunchScreen.strings; sourceTree = "<group>"; };
		FCCD969324C2878C00FB5A9E /* ru */ = {isa = PBXFileReference; lastKnownFileType = text.plist.strings; name = ru; path = ru.lproj/Localizable.strings; sourceTree = "<group>"; };
		FCCD969424C2879900FB5A9E /* pt-BR */ = {isa = PBXFileReference; lastKnownFileType = text.plist.strings; name = "pt-BR"; path = "pt-BR.lproj/Main.strings"; sourceTree = "<group>"; };
		FCCD969524C2879900FB5A9E /* pt-BR */ = {isa = PBXFileReference; lastKnownFileType = text.plist.strings; name = "pt-BR"; path = "pt-BR.lproj/LaunchScreen.strings"; sourceTree = "<group>"; };
		FCCD969624C2879A00FB5A9E /* pt-BR */ = {isa = PBXFileReference; lastKnownFileType = text.plist.strings; name = "pt-BR"; path = "pt-BR.lproj/Localizable.strings"; sourceTree = "<group>"; };
		FCCD969724C287AF00FB5A9E /* el */ = {isa = PBXFileReference; lastKnownFileType = text.plist.strings; name = el; path = el.lproj/Main.strings; sourceTree = "<group>"; };
		FCCD969824C287AF00FB5A9E /* el */ = {isa = PBXFileReference; lastKnownFileType = text.plist.strings; name = el; path = el.lproj/LaunchScreen.strings; sourceTree = "<group>"; };
		FCCD969924C287AF00FB5A9E /* el */ = {isa = PBXFileReference; lastKnownFileType = text.plist.strings; name = el; path = el.lproj/Localizable.strings; sourceTree = "<group>"; };
		FCCD969A24C287BD00FB5A9E /* pl */ = {isa = PBXFileReference; lastKnownFileType = text.plist.strings; name = pl; path = pl.lproj/Main.strings; sourceTree = "<group>"; };
		FCCD969B24C287BD00FB5A9E /* pl */ = {isa = PBXFileReference; lastKnownFileType = text.plist.strings; name = pl; path = pl.lproj/LaunchScreen.strings; sourceTree = "<group>"; };
		FCCD969C24C287BD00FB5A9E /* pl */ = {isa = PBXFileReference; lastKnownFileType = text.plist.strings; name = pl; path = pl.lproj/Localizable.strings; sourceTree = "<group>"; };
		FCCD969D24C287D900FB5A9E /* ja */ = {isa = PBXFileReference; lastKnownFileType = text.plist.strings; name = ja; path = ja.lproj/Main.strings; sourceTree = "<group>"; };
		FCCD969E24C287D900FB5A9E /* ja */ = {isa = PBXFileReference; lastKnownFileType = text.plist.strings; name = ja; path = ja.lproj/LaunchScreen.strings; sourceTree = "<group>"; };
		FCCD969F24C287D900FB5A9E /* ja */ = {isa = PBXFileReference; lastKnownFileType = text.plist.strings; name = ja; path = ja.lproj/Localizable.strings; sourceTree = "<group>"; };
		FCCD96A024C287E200FB5A9E /* ko */ = {isa = PBXFileReference; lastKnownFileType = text.plist.strings; name = ko; path = ko.lproj/Main.strings; sourceTree = "<group>"; };
		FCCD96A124C287E200FB5A9E /* ko */ = {isa = PBXFileReference; lastKnownFileType = text.plist.strings; name = ko; path = ko.lproj/LaunchScreen.strings; sourceTree = "<group>"; };
		FCCD96A224C287E200FB5A9E /* ko */ = {isa = PBXFileReference; lastKnownFileType = text.plist.strings; name = ko; path = ko.lproj/Localizable.strings; sourceTree = "<group>"; };
		FCCD96A324C287ED00FB5A9E /* he */ = {isa = PBXFileReference; lastKnownFileType = text.plist.strings; name = he; path = he.lproj/Main.strings; sourceTree = "<group>"; };
		FCCD96A424C287ED00FB5A9E /* he */ = {isa = PBXFileReference; lastKnownFileType = text.plist.strings; name = he; path = he.lproj/LaunchScreen.strings; sourceTree = "<group>"; };
		FCCD96A524C287ED00FB5A9E /* he */ = {isa = PBXFileReference; lastKnownFileType = text.plist.strings; name = he; path = he.lproj/Localizable.strings; sourceTree = "<group>"; };
		FCCD96A624C2BD8700FB5A9E /* ar */ = {isa = PBXFileReference; lastKnownFileType = text.plist.strings; name = ar; path = ar.lproj/Main.strings; sourceTree = "<group>"; };
		FCCD96A724C2BD8700FB5A9E /* ar */ = {isa = PBXFileReference; lastKnownFileType = text.plist.strings; name = ar; path = ar.lproj/LaunchScreen.strings; sourceTree = "<group>"; };
		FCCD96A824C2BD8700FB5A9E /* ar */ = {isa = PBXFileReference; lastKnownFileType = text.plist.strings; name = ar; path = ar.lproj/Localizable.strings; sourceTree = "<group>"; };
		FCCD96A924C4150200FB5A9E /* HighscoreScene.swift */ = {isa = PBXFileReference; lastKnownFileType = sourcecode.swift; path = HighscoreScene.swift; sourceTree = "<group>"; };
		FCCD96AF24C8B86C00FB5A9E /* leaderboard.storyboard */ = {isa = PBXFileReference; lastKnownFileType = file.storyboard; path = leaderboard.storyboard; sourceTree = "<group>"; };
		FCCD96B124CA56B400FB5A9E /* Protect the Dinos.entitlements */ = {isa = PBXFileReference; lastKnownFileType = text.plist.entitlements; path = "Protect the Dinos.entitlements"; sourceTree = "<group>"; };
		FCCD96B224CAA5BD00FB5A9E /* GameKit.framework */ = {isa = PBXFileReference; lastKnownFileType = wrapper.framework; name = GameKit.framework; path = System/Library/Frameworks/GameKit.framework; sourceTree = SDKROOT; };
		FCCD96B424CB609700FB5A9E /* Leaderboard.swift */ = {isa = PBXFileReference; lastKnownFileType = sourcecode.swift; path = Leaderboard.swift; sourceTree = "<group>"; };
		FCCD96B624CE84F700FB5A9E /* waveleaderboard.storyboard */ = {isa = PBXFileReference; lastKnownFileType = file.storyboard; path = waveleaderboard.storyboard; sourceTree = "<group>"; };
		FCD20EEC248F10800092E631 /* AsteroidClass.swift */ = {isa = PBXFileReference; lastKnownFileType = sourcecode.swift; path = AsteroidClass.swift; sourceTree = "<group>"; };
		FCD20EF0248FE3970092E631 /* MenuScene.swift */ = {isa = PBXFileReference; lastKnownFileType = sourcecode.swift; path = MenuScene.swift; sourceTree = "<group>"; };
		FCD20EF2249146EE0092E631 /* ReviewService.swift */ = {isa = PBXFileReference; lastKnownFileType = sourcecode.swift; path = ReviewService.swift; sourceTree = "<group>"; };
/* End PBXFileReference section */

/* Begin PBXFrameworksBuildPhase section */
		FCB271FF248DB17500EB0A38 /* Frameworks */ = {
			isa = PBXFrameworksBuildPhase;
			buildActionMask = 2147483647;
			files = (
				FCCD96B324CAA5BD00FB5A9E /* GameKit.framework in Frameworks */,
				B96B56442DFA7598CF36DCEA /* Pods_DinoGame.framework in Frameworks */,
				FC31A04224AF8EBE0007A5CB /* StoreKit.framework in Frameworks */,
			);
			runOnlyForDeploymentPostprocessing = 0;
		};
		FCB27219248DB17700EB0A38 /* Frameworks */ = {
			isa = PBXFrameworksBuildPhase;
			buildActionMask = 2147483647;
			files = (
				F076C96733D8614952DAEDCF /* Pods_DinoGameTests.framework in Frameworks */,
			);
			runOnlyForDeploymentPostprocessing = 0;
		};
		FCB27224248DB17700EB0A38 /* Frameworks */ = {
			isa = PBXFrameworksBuildPhase;
			buildActionMask = 2147483647;
			files = (
				2ADCF0DE1524D1FAB6EEA8A8 /* Pods_DinoGame_DinoGameUITests.framework in Frameworks */,
			);
			runOnlyForDeploymentPostprocessing = 0;
		};
/* End PBXFrameworksBuildPhase section */

/* Begin PBXGroup section */
		17CFEE7F98104BB3C813F0C8 /* Pods */ = {
			isa = PBXGroup;
			children = (
				CD9B9082CAE7FED114ABE9FB /* Pods-DinoGame.debug.xcconfig */,
				33735396B8B0DA1EE36F113F /* Pods-DinoGame.release.xcconfig */,
				A546F0D63980BB9C5769F20A /* Pods-DinoGame-DinoGameUITests.debug.xcconfig */,
				2BD63D5E86F3647BAFC54790 /* Pods-DinoGame-DinoGameUITests.release.xcconfig */,
				E0C218DDD8C88D0201AC3EDB /* Pods-DinoGameTests.debug.xcconfig */,
				727BFD01A73A9BAD12F6C9D9 /* Pods-DinoGameTests.release.xcconfig */,
			);
			path = Pods;
			sourceTree = "<group>";
		};
		70B645A8F297905E63FD52B3 /* Frameworks */ = {
			isa = PBXGroup;
			children = (
				FCCD96B224CAA5BD00FB5A9E /* GameKit.framework */,
				FC31A04124AF8EBE0007A5CB /* StoreKit.framework */,
				A1E8D85AE2A6485F972483BA /* Pods_DinoGame.framework */,
				13FEC617FDFE97DB23D8B9E3 /* Pods_DinoGame_DinoGameUITests.framework */,
				2C690625A243B710837C0E52 /* Pods_DinoGameTests.framework */,
			);
			name = Frameworks;
			sourceTree = "<group>";
		};
		FC31A03524AD35FE0007A5CB /* Classes */ = {
			isa = PBXGroup;
			children = (
				FCD20EEC248F10800092E631 /* AsteroidClass.swift */,
				FC31A03924AD370F0007A5CB /* StarClass.swift */,
				FC31A03B24AD3D750007A5CB /* Stars.sks */,
			);
			path = Classes;
			sourceTree = "<group>";
		};
		FC31A03624AD360F0007A5CB /* Scenes */ = {
			isa = PBXGroup;
			children = (
				FCD20EF0248FE3970092E631 /* MenuScene.swift */,
				FC31A03324AD358F0007A5CB /* ShopScene.swift */,
				FCB2720B248DB17500EB0A38 /* GameScene.swift */,
				FCCD96A924C4150200FB5A9E /* HighscoreScene.swift */,
				FCCD96B424CB609700FB5A9E /* Leaderboard.swift */,
			);
			path = Scenes;
			sourceTree = "<group>";
		};
		FC31A03724AD36D90007A5CB /* Music */ = {
			isa = PBXGroup;
			children = (
				FC7136BC24967C8100199EE4 /* boom.wav */,
				FC7136BE249680C800199EE4 /* explosion.wav */,
				FC31A03124AD2D740007A5CB /* backgroundMusic.mp3 */,
			);
			path = Music;
			sourceTree = "<group>";
		};
		FC31A03824AD36ED0007A5CB /* Other Files */ = {
			isa = PBXGroup;
			children = (
				FCD20EF2249146EE0092E631 /* ReviewService.swift */,
				FC31A02F24ACEF500007A5CB /* Advertisements.swift */,
				FC31A03F24AECB450007A5CB /* Alertable.swift */,
				FCC7702024A822B300923725 /* Localizable.strings */,
			);
			path = "Other Files";
			sourceTree = "<group>";
		};
		FC7136B62493F76F00199EE4 /* Fonts */ = {
			isa = PBXGroup;
			children = (
				FC7136B72493F78800199EE4 /* ArcadeFont.ttf */,
				FC713723249C6B3100199EE4 /* ConnectionIii-Rj3W.otf */,
			);
			path = Fonts;
			sourceTree = "<group>";
		};
		FCB271F9248DB17500EB0A38 = {
			isa = PBXGroup;
			children = (
				FCB27204248DB17500EB0A38 /* DinoGame */,
				FCB2721F248DB17700EB0A38 /* DinoGameTests */,
				FCB2722A248DB17700EB0A38 /* DinoGameUITests */,
				FCB27203248DB17500EB0A38 /* Products */,
				17CFEE7F98104BB3C813F0C8 /* Pods */,
				70B645A8F297905E63FD52B3 /* Frameworks */,
			);
			sourceTree = "<group>";
		};
		FCB27203248DB17500EB0A38 /* Products */ = {
			isa = PBXGroup;
			children = (
				FCB27202248DB17500EB0A38 /* Protect the Dinos.app */,
				FCB2721C248DB17700EB0A38 /* DinoGameTests.xctest */,
				FCB27227248DB17700EB0A38 /* DinoGameUITests.xctest */,
			);
			name = Products;
			sourceTree = "<group>";
		};
		FCB27204248DB17500EB0A38 /* DinoGame */ = {
			isa = PBXGroup;
			children = (
				FC31A03724AD36D90007A5CB /* Music */,
				FC31A03824AD36ED0007A5CB /* Other Files */,
				FC31A03624AD360F0007A5CB /* Scenes */,
				FC31A03524AD35FE0007A5CB /* Classes */,
				FC7136B62493F76F00199EE4 /* Fonts */,
				FCB27205248DB17500EB0A38 /* AppDelegate.swift */,
				FCB2720D248DB17500EB0A38 /* GameViewController.swift */,
				FCB2720F248DB17500EB0A38 /* Main.storyboard */,
				FCCD96AF24C8B86C00FB5A9E /* leaderboard.storyboard */,
				FCCD96B624CE84F700FB5A9E /* waveleaderboard.storyboard */,
				FCB27212248DB17700EB0A38 /* Assets.xcassets */,
				FCB27214248DB17700EB0A38 /* LaunchScreen.storyboard */,
				FCCD96B124CA56B400FB5A9E /* Protect the Dinos.entitlements */,
				FCB27217248DB17700EB0A38 /* Info.plist */,
				FCCD968924C2831A00FB5A9E /* GoogleService-Info.plist */,
			);
			path = DinoGame;
			sourceTree = "<group>";
		};
		FCB2721F248DB17700EB0A38 /* DinoGameTests */ = {
			isa = PBXGroup;
			children = (
				FCB27220248DB17700EB0A38 /* DinoGameTests.swift */,
				FCB27222248DB17700EB0A38 /* Info.plist */,
			);
			path = DinoGameTests;
			sourceTree = "<group>";
		};
		FCB2722A248DB17700EB0A38 /* DinoGameUITests */ = {
			isa = PBXGroup;
			children = (
				FCB2722B248DB17700EB0A38 /* DinoGameUITests.swift */,
				FCB2722D248DB17700EB0A38 /* Info.plist */,
			);
			path = DinoGameUITests;
			sourceTree = "<group>";
		};
/* End PBXGroup section */

/* Begin PBXNativeTarget section */
		FCB27201248DB17500EB0A38 /* DinoGame */ = {
			isa = PBXNativeTarget;
			buildConfigurationList = FCB27230248DB17700EB0A38 /* Build configuration list for PBXNativeTarget "DinoGame" */;
			buildPhases = (
				F97FC957395AF47CE52561F9 /* [CP] Check Pods Manifest.lock */,
				FCB271FE248DB17500EB0A38 /* Sources */,
				FCB271FF248DB17500EB0A38 /* Frameworks */,
				FCB27200248DB17500EB0A38 /* Resources */,
				80760EB617F9798817A54E5E /* [CP] Embed Pods Frameworks */,
			);
			buildRules = (
			);
			dependencies = (
			);
			name = DinoGame;
			productName = DinoGame;
			productReference = FCB27202248DB17500EB0A38 /* Protect the Dinos.app */;
			productType = "com.apple.product-type.application";
		};
		FCB2721B248DB17700EB0A38 /* DinoGameTests */ = {
			isa = PBXNativeTarget;
			buildConfigurationList = FCB27233248DB17700EB0A38 /* Build configuration list for PBXNativeTarget "DinoGameTests" */;
			buildPhases = (
				4B94E9E77485047AB0C5268B /* [CP] Check Pods Manifest.lock */,
				FCB27218248DB17700EB0A38 /* Sources */,
				FCB27219248DB17700EB0A38 /* Frameworks */,
				FCB2721A248DB17700EB0A38 /* Resources */,
			);
			buildRules = (
			);
			dependencies = (
				FCB2721E248DB17700EB0A38 /* PBXTargetDependency */,
			);
			name = DinoGameTests;
			productName = DinoGameTests;
			productReference = FCB2721C248DB17700EB0A38 /* DinoGameTests.xctest */;
			productType = "com.apple.product-type.bundle.unit-test";
		};
		FCB27226248DB17700EB0A38 /* DinoGameUITests */ = {
			isa = PBXNativeTarget;
			buildConfigurationList = FCB27236248DB17700EB0A38 /* Build configuration list for PBXNativeTarget "DinoGameUITests" */;
			buildPhases = (
				DB79F623D46A030A47505AE7 /* [CP] Check Pods Manifest.lock */,
				FCB27223248DB17700EB0A38 /* Sources */,
				FCB27224248DB17700EB0A38 /* Frameworks */,
				FCB27225248DB17700EB0A38 /* Resources */,
				2808645034EF69276BF1AB08 /* [CP] Embed Pods Frameworks */,
			);
			buildRules = (
			);
			dependencies = (
				FCB27229248DB17700EB0A38 /* PBXTargetDependency */,
			);
			name = DinoGameUITests;
			productName = DinoGameUITests;
			productReference = FCB27227248DB17700EB0A38 /* DinoGameUITests.xctest */;
			productType = "com.apple.product-type.bundle.ui-testing";
		};
/* End PBXNativeTarget section */

/* Begin PBXProject section */
		FCB271FA248DB17500EB0A38 /* Project object */ = {
			isa = PBXProject;
			attributes = {
				LastSwiftUpdateCheck = 1150;
				LastUpgradeCheck = 1150;
				ORGANIZATIONNAME = JordanKlein;
				TargetAttributes = {
					FCB27201248DB17500EB0A38 = {
						CreatedOnToolsVersion = 11.5;
					};
					FCB2721B248DB17700EB0A38 = {
						CreatedOnToolsVersion = 11.5;
						TestTargetID = FCB27201248DB17500EB0A38;
					};
					FCB27226248DB17700EB0A38 = {
						CreatedOnToolsVersion = 11.5;
						TestTargetID = FCB27201248DB17500EB0A38;
					};
				};
			};
			buildConfigurationList = FCB271FD248DB17500EB0A38 /* Build configuration list for PBXProject "DinoGame" */;
			compatibilityVersion = "Xcode 9.3";
			developmentRegion = en;
			hasScannedForEncodings = 0;
			knownRegions = (
				en,
				Base,
				fr,
				es,
				"zh-Hans",
				hi,
				it,
				de,
				ru,
				"pt-BR",
				el,
				pl,
				ja,
				ko,
				he,
				ar,
			);
			mainGroup = FCB271F9248DB17500EB0A38;
			productRefGroup = FCB27203248DB17500EB0A38 /* Products */;
			projectDirPath = "";
			projectRoot = "";
			targets = (
				FCB27201248DB17500EB0A38 /* DinoGame */,
				FCB2721B248DB17700EB0A38 /* DinoGameTests */,
				FCB27226248DB17700EB0A38 /* DinoGameUITests */,
			);
		};
/* End PBXProject section */

/* Begin PBXResourcesBuildPhase section */
		FCB27200248DB17500EB0A38 /* Resources */ = {
			isa = PBXResourcesBuildPhase;
			buildActionMask = 2147483647;
			files = (
				FCCD96B724CE84F700FB5A9E /* waveleaderboard.storyboard in Resources */,
				FC31A03D24AD3D750007A5CB /* Stars.sks in Resources */,
				FCB27211248DB17500EB0A38 /* Main.storyboard in Resources */,
				FC7136BF249680C800199EE4 /* explosion.wav in Resources */,
				FC7136BD24967C8100199EE4 /* boom.wav in Resources */,
				FCCD96B024C8B86C00FB5A9E /* leaderboard.storyboard in Resources */,
				FCC7701E24A822B300923725 /* Localizable.strings in Resources */,
				FCB27213248DB17700EB0A38 /* Assets.xcassets in Resources */,
				FC7136B82493F78800199EE4 /* ArcadeFont.ttf in Resources */,
				FCB27216248DB17700EB0A38 /* LaunchScreen.storyboard in Resources */,
				FCCD968A24C2831A00FB5A9E /* GoogleService-Info.plist in Resources */,
				FC31A03224AD2D740007A5CB /* backgroundMusic.mp3 in Resources */,
				FC713724249C6B3100199EE4 /* ConnectionIii-Rj3W.otf in Resources */,
			);
			runOnlyForDeploymentPostprocessing = 0;
		};
		FCB2721A248DB17700EB0A38 /* Resources */ = {
			isa = PBXResourcesBuildPhase;
			buildActionMask = 2147483647;
			files = (
			);
			runOnlyForDeploymentPostprocessing = 0;
		};
		FCB27225248DB17700EB0A38 /* Resources */ = {
			isa = PBXResourcesBuildPhase;
			buildActionMask = 2147483647;
			files = (
			);
			runOnlyForDeploymentPostprocessing = 0;
		};
/* End PBXResourcesBuildPhase section */

/* Begin PBXShellScriptBuildPhase section */
		2808645034EF69276BF1AB08 /* [CP] Embed Pods Frameworks */ = {
			isa = PBXShellScriptBuildPhase;
			buildActionMask = 2147483647;
			files = (
			);
			inputFileListPaths = (
				"${PODS_ROOT}/Target Support Files/Pods-DinoGame-DinoGameUITests/Pods-DinoGame-DinoGameUITests-frameworks-${CONFIGURATION}-input-files.xcfilelist",
			);
			name = "[CP] Embed Pods Frameworks";
			outputFileListPaths = (
				"${PODS_ROOT}/Target Support Files/Pods-DinoGame-DinoGameUITests/Pods-DinoGame-DinoGameUITests-frameworks-${CONFIGURATION}-output-files.xcfilelist",
			);
			runOnlyForDeploymentPostprocessing = 0;
			shellPath = /bin/sh;
			shellScript = "\"${PODS_ROOT}/Target Support Files/Pods-DinoGame-DinoGameUITests/Pods-DinoGame-DinoGameUITests-frameworks.sh\"\n";
			showEnvVarsInLog = 0;
		};
		4B94E9E77485047AB0C5268B /* [CP] Check Pods Manifest.lock */ = {
			isa = PBXShellScriptBuildPhase;
			buildActionMask = 2147483647;
			files = (
			);
			inputFileListPaths = (
			);
			inputPaths = (
				"${PODS_PODFILE_DIR_PATH}/Podfile.lock",
				"${PODS_ROOT}/Manifest.lock",
			);
			name = "[CP] Check Pods Manifest.lock";
			outputFileListPaths = (
			);
			outputPaths = (
				"$(DERIVED_FILE_DIR)/Pods-DinoGameTests-checkManifestLockResult.txt",
			);
			runOnlyForDeploymentPostprocessing = 0;
			shellPath = /bin/sh;
			shellScript = "diff \"${PODS_PODFILE_DIR_PATH}/Podfile.lock\" \"${PODS_ROOT}/Manifest.lock\" > /dev/null\nif [ $? != 0 ] ; then\n    # print error to STDERR\n    echo \"error: The sandbox is not in sync with the Podfile.lock. Run 'pod install' or update your CocoaPods installation.\" >&2\n    exit 1\nfi\n# This output is used by Xcode 'outputs' to avoid re-running this script phase.\necho \"SUCCESS\" > \"${SCRIPT_OUTPUT_FILE_0}\"\n";
			showEnvVarsInLog = 0;
		};
		80760EB617F9798817A54E5E /* [CP] Embed Pods Frameworks */ = {
			isa = PBXShellScriptBuildPhase;
			buildActionMask = 2147483647;
			files = (
			);
			inputFileListPaths = (
				"${PODS_ROOT}/Target Support Files/Pods-DinoGame/Pods-DinoGame-frameworks-${CONFIGURATION}-input-files.xcfilelist",
			);
			name = "[CP] Embed Pods Frameworks";
			outputFileListPaths = (
				"${PODS_ROOT}/Target Support Files/Pods-DinoGame/Pods-DinoGame-frameworks-${CONFIGURATION}-output-files.xcfilelist",
			);
			runOnlyForDeploymentPostprocessing = 0;
			shellPath = /bin/sh;
			shellScript = "\"${PODS_ROOT}/Target Support Files/Pods-DinoGame/Pods-DinoGame-frameworks.sh\"\n";
			showEnvVarsInLog = 0;
		};
		DB79F623D46A030A47505AE7 /* [CP] Check Pods Manifest.lock */ = {
			isa = PBXShellScriptBuildPhase;
			buildActionMask = 2147483647;
			files = (
			);
			inputFileListPaths = (
			);
			inputPaths = (
				"${PODS_PODFILE_DIR_PATH}/Podfile.lock",
				"${PODS_ROOT}/Manifest.lock",
			);
			name = "[CP] Check Pods Manifest.lock";
			outputFileListPaths = (
			);
			outputPaths = (
				"$(DERIVED_FILE_DIR)/Pods-DinoGame-DinoGameUITests-checkManifestLockResult.txt",
			);
			runOnlyForDeploymentPostprocessing = 0;
			shellPath = /bin/sh;
			shellScript = "diff \"${PODS_PODFILE_DIR_PATH}/Podfile.lock\" \"${PODS_ROOT}/Manifest.lock\" > /dev/null\nif [ $? != 0 ] ; then\n    # print error to STDERR\n    echo \"error: The sandbox is not in sync with the Podfile.lock. Run 'pod install' or update your CocoaPods installation.\" >&2\n    exit 1\nfi\n# This output is used by Xcode 'outputs' to avoid re-running this script phase.\necho \"SUCCESS\" > \"${SCRIPT_OUTPUT_FILE_0}\"\n";
			showEnvVarsInLog = 0;
		};
		F97FC957395AF47CE52561F9 /* [CP] Check Pods Manifest.lock */ = {
			isa = PBXShellScriptBuildPhase;
			buildActionMask = 2147483647;
			files = (
			);
			inputFileListPaths = (
			);
			inputPaths = (
				"${PODS_PODFILE_DIR_PATH}/Podfile.lock",
				"${PODS_ROOT}/Manifest.lock",
			);
			name = "[CP] Check Pods Manifest.lock";
			outputFileListPaths = (
			);
			outputPaths = (
				"$(DERIVED_FILE_DIR)/Pods-DinoGame-checkManifestLockResult.txt",
			);
			runOnlyForDeploymentPostprocessing = 0;
			shellPath = /bin/sh;
			shellScript = "diff \"${PODS_PODFILE_DIR_PATH}/Podfile.lock\" \"${PODS_ROOT}/Manifest.lock\" > /dev/null\nif [ $? != 0 ] ; then\n    # print error to STDERR\n    echo \"error: The sandbox is not in sync with the Podfile.lock. Run 'pod install' or update your CocoaPods installation.\" >&2\n    exit 1\nfi\n# This output is used by Xcode 'outputs' to avoid re-running this script phase.\necho \"SUCCESS\" > \"${SCRIPT_OUTPUT_FILE_0}\"\n";
			showEnvVarsInLog = 0;
		};
/* End PBXShellScriptBuildPhase section */

/* Begin PBXSourcesBuildPhase section */
		FCB271FE248DB17500EB0A38 /* Sources */ = {
			isa = PBXSourcesBuildPhase;
			buildActionMask = 2147483647;
			files = (
				FCB2720C248DB17500EB0A38 /* GameScene.swift in Sources */,
				FCD20EF3249146EE0092E631 /* ReviewService.swift in Sources */,
				FCB2720E248DB17500EB0A38 /* GameViewController.swift in Sources */,
				FCD20EF1248FE3970092E631 /* MenuScene.swift in Sources */,
				FC31A04024AECB460007A5CB /* Alertable.swift in Sources */,
				FC31A03024ACEF500007A5CB /* Advertisements.swift in Sources */,
				FCB27206248DB17500EB0A38 /* AppDelegate.swift in Sources */,
				FCD20EED248F10800092E631 /* AsteroidClass.swift in Sources */,
				FC31A03A24AD370F0007A5CB /* StarClass.swift in Sources */,
				FC31A03424AD358F0007A5CB /* ShopScene.swift in Sources */,
				FCCD96B524CB609700FB5A9E /* Leaderboard.swift in Sources */,
				FCCD96AA24C4150200FB5A9E /* HighscoreScene.swift in Sources */,
			);
			runOnlyForDeploymentPostprocessing = 0;
		};
		FCB27218248DB17700EB0A38 /* Sources */ = {
			isa = PBXSourcesBuildPhase;
			buildActionMask = 2147483647;
			files = (
				FCB27221248DB17700EB0A38 /* DinoGameTests.swift in Sources */,
			);
			runOnlyForDeploymentPostprocessing = 0;
		};
		FCB27223248DB17700EB0A38 /* Sources */ = {
			isa = PBXSourcesBuildPhase;
			buildActionMask = 2147483647;
			files = (
				FCB2722C248DB17700EB0A38 /* DinoGameUITests.swift in Sources */,
			);
			runOnlyForDeploymentPostprocessing = 0;
		};
/* End PBXSourcesBuildPhase section */

/* Begin PBXTargetDependency section */
		FCB2721E248DB17700EB0A38 /* PBXTargetDependency */ = {
			isa = PBXTargetDependency;
			target = FCB27201248DB17500EB0A38 /* DinoGame */;
			targetProxy = FCB2721D248DB17700EB0A38 /* PBXContainerItemProxy */;
		};
		FCB27229248DB17700EB0A38 /* PBXTargetDependency */ = {
			isa = PBXTargetDependency;
			target = FCB27201248DB17500EB0A38 /* DinoGame */;
			targetProxy = FCB27228248DB17700EB0A38 /* PBXContainerItemProxy */;
		};
/* End PBXTargetDependency section */

/* Begin PBXVariantGroup section */
		FCB2720F248DB17500EB0A38 /* Main.storyboard */ = {
			isa = PBXVariantGroup;
			children = (
				FCB27210248DB17500EB0A38 /* Base */,
				FCC7701C24A8228E00923725 /* fr */,
				FC9A169424A9003B0071D05B /* es */,
				FC9A169724A907460071D05B /* zh-Hans */,
				FC9A169A24A908D20071D05B /* hi */,
				FCCD968B24C2877F00FB5A9E /* it */,
				FCCD968E24C2878600FB5A9E /* de */,
				FCCD969124C2878C00FB5A9E /* ru */,
				FCCD969424C2879900FB5A9E /* pt-BR */,
				FCCD969724C287AF00FB5A9E /* el */,
				FCCD969A24C287BD00FB5A9E /* pl */,
				FCCD969D24C287D900FB5A9E /* ja */,
				FCCD96A024C287E200FB5A9E /* ko */,
				FCCD96A324C287ED00FB5A9E /* he */,
				FCCD96A624C2BD8700FB5A9E /* ar */,
			);
			name = Main.storyboard;
			sourceTree = "<group>";
		};
		FCB27214248DB17700EB0A38 /* LaunchScreen.storyboard */ = {
			isa = PBXVariantGroup;
			children = (
				FCB27215248DB17700EB0A38 /* Base */,
				FCC7701D24A8228E00923725 /* fr */,
				FC9A169524A9003B0071D05B /* es */,
				FC9A169824A907460071D05B /* zh-Hans */,
				FC9A169B24A908D20071D05B /* hi */,
				FCCD968C24C2877F00FB5A9E /* it */,
				FCCD968F24C2878600FB5A9E /* de */,
				FCCD969224C2878C00FB5A9E /* ru */,
				FCCD969524C2879900FB5A9E /* pt-BR */,
				FCCD969824C287AF00FB5A9E /* el */,
				FCCD969B24C287BD00FB5A9E /* pl */,
				FCCD969E24C287D900FB5A9E /* ja */,
				FCCD96A124C287E200FB5A9E /* ko */,
				FCCD96A424C287ED00FB5A9E /* he */,
				FCCD96A724C2BD8700FB5A9E /* ar */,
			);
			name = LaunchScreen.storyboard;
			sourceTree = "<group>";
		};
		FCC7702024A822B300923725 /* Localizable.strings */ = {
			isa = PBXVariantGroup;
			children = (
				FCC7701F24A822B300923725 /* en */,
				FCC7702124A8234400923725 /* fr */,
				FC9A169624A9003B0071D05B /* es */,
				FC9A169924A907460071D05B /* zh-Hans */,
				FC9A169C24A908D30071D05B /* hi */,
				FCCD968D24C2877F00FB5A9E /* it */,
				FCCD969024C2878600FB5A9E /* de */,
				FCCD969324C2878C00FB5A9E /* ru */,
				FCCD969624C2879A00FB5A9E /* pt-BR */,
				FCCD969924C287AF00FB5A9E /* el */,
				FCCD969C24C287BD00FB5A9E /* pl */,
				FCCD969F24C287D900FB5A9E /* ja */,
				FCCD96A224C287E200FB5A9E /* ko */,
				FCCD96A524C287ED00FB5A9E /* he */,
				FCCD96A824C2BD8700FB5A9E /* ar */,
			);
			name = Localizable.strings;
			sourceTree = "<group>";
		};
/* End PBXVariantGroup section */

/* Begin XCBuildConfiguration section */
		FCB2722E248DB17700EB0A38 /* Debug */ = {
			isa = XCBuildConfiguration;
			buildSettings = {
				ALWAYS_SEARCH_USER_PATHS = NO;
				CLANG_ANALYZER_LOCALIZABILITY_NONLOCALIZED = YES;
				CLANG_ANALYZER_NONNULL = YES;
				CLANG_ANALYZER_NUMBER_OBJECT_CONVERSION = YES_AGGRESSIVE;
				CLANG_CXX_LANGUAGE_STANDARD = "gnu++14";
				CLANG_CXX_LIBRARY = "libc++";
				CLANG_ENABLE_MODULES = YES;
				CLANG_ENABLE_OBJC_ARC = YES;
				CLANG_ENABLE_OBJC_WEAK = YES;
				CLANG_WARN_BLOCK_CAPTURE_AUTORELEASING = YES;
				CLANG_WARN_BOOL_CONVERSION = YES;
				CLANG_WARN_COMMA = YES;
				CLANG_WARN_CONSTANT_CONVERSION = YES;
				CLANG_WARN_DEPRECATED_OBJC_IMPLEMENTATIONS = YES;
				CLANG_WARN_DIRECT_OBJC_ISA_USAGE = YES_ERROR;
				CLANG_WARN_DOCUMENTATION_COMMENTS = YES;
				CLANG_WARN_EMPTY_BODY = YES;
				CLANG_WARN_ENUM_CONVERSION = YES;
				CLANG_WARN_INFINITE_RECURSION = YES;
				CLANG_WARN_INT_CONVERSION = YES;
				CLANG_WARN_NON_LITERAL_NULL_CONVERSION = YES;
				CLANG_WARN_OBJC_IMPLICIT_RETAIN_SELF = YES;
				CLANG_WARN_OBJC_LITERAL_CONVERSION = YES;
				CLANG_WARN_OBJC_ROOT_CLASS = YES_ERROR;
				CLANG_WARN_RANGE_LOOP_ANALYSIS = YES;
				CLANG_WARN_STRICT_PROTOTYPES = YES;
				CLANG_WARN_SUSPICIOUS_MOVE = YES;
				CLANG_WARN_UNGUARDED_AVAILABILITY = YES_AGGRESSIVE;
				CLANG_WARN_UNREACHABLE_CODE = YES;
				CLANG_WARN__DUPLICATE_METHOD_MATCH = YES;
				COPY_PHASE_STRIP = NO;
				DEBUG_INFORMATION_FORMAT = dwarf;
				ENABLE_STRICT_OBJC_MSGSEND = YES;
				ENABLE_TESTABILITY = YES;
				GCC_C_LANGUAGE_STANDARD = gnu11;
				GCC_DYNAMIC_NO_PIC = NO;
				GCC_NO_COMMON_BLOCKS = YES;
				GCC_OPTIMIZATION_LEVEL = 0;
				GCC_PREPROCESSOR_DEFINITIONS = (
					"DEBUG=1",
					"$(inherited)",
				);
				GCC_WARN_64_TO_32_BIT_CONVERSION = YES;
				GCC_WARN_ABOUT_RETURN_TYPE = YES_ERROR;
				GCC_WARN_UNDECLARED_SELECTOR = YES;
				GCC_WARN_UNINITIALIZED_AUTOS = YES_AGGRESSIVE;
				GCC_WARN_UNUSED_FUNCTION = YES;
				GCC_WARN_UNUSED_VARIABLE = YES;
				IPHONEOS_DEPLOYMENT_TARGET = 13.0;
				MTL_ENABLE_DEBUG_INFO = INCLUDE_SOURCE;
				MTL_FAST_MATH = YES;
				ONLY_ACTIVE_ARCH = YES;
				SDKROOT = iphoneos;
				SWIFT_ACTIVE_COMPILATION_CONDITIONS = DEBUG;
				SWIFT_OPTIMIZATION_LEVEL = "-Onone";
			};
			name = Debug;
		};
		FCB2722F248DB17700EB0A38 /* Release */ = {
			isa = XCBuildConfiguration;
			buildSettings = {
				ALWAYS_SEARCH_USER_PATHS = NO;
				CLANG_ANALYZER_LOCALIZABILITY_NONLOCALIZED = YES;
				CLANG_ANALYZER_NONNULL = YES;
				CLANG_ANALYZER_NUMBER_OBJECT_CONVERSION = YES_AGGRESSIVE;
				CLANG_CXX_LANGUAGE_STANDARD = "gnu++14";
				CLANG_CXX_LIBRARY = "libc++";
				CLANG_ENABLE_MODULES = YES;
				CLANG_ENABLE_OBJC_ARC = YES;
				CLANG_ENABLE_OBJC_WEAK = YES;
				CLANG_WARN_BLOCK_CAPTURE_AUTORELEASING = YES;
				CLANG_WARN_BOOL_CONVERSION = YES;
				CLANG_WARN_COMMA = YES;
				CLANG_WARN_CONSTANT_CONVERSION = YES;
				CLANG_WARN_DEPRECATED_OBJC_IMPLEMENTATIONS = YES;
				CLANG_WARN_DIRECT_OBJC_ISA_USAGE = YES_ERROR;
				CLANG_WARN_DOCUMENTATION_COMMENTS = YES;
				CLANG_WARN_EMPTY_BODY = YES;
				CLANG_WARN_ENUM_CONVERSION = YES;
				CLANG_WARN_INFINITE_RECURSION = YES;
				CLANG_WARN_INT_CONVERSION = YES;
				CLANG_WARN_NON_LITERAL_NULL_CONVERSION = YES;
				CLANG_WARN_OBJC_IMPLICIT_RETAIN_SELF = YES;
				CLANG_WARN_OBJC_LITERAL_CONVERSION = YES;
				CLANG_WARN_OBJC_ROOT_CLASS = YES_ERROR;
				CLANG_WARN_RANGE_LOOP_ANALYSIS = YES;
				CLANG_WARN_STRICT_PROTOTYPES = YES;
				CLANG_WARN_SUSPICIOUS_MOVE = YES;
				CLANG_WARN_UNGUARDED_AVAILABILITY = YES_AGGRESSIVE;
				CLANG_WARN_UNREACHABLE_CODE = YES;
				CLANG_WARN__DUPLICATE_METHOD_MATCH = YES;
				COPY_PHASE_STRIP = NO;
				DEBUG_INFORMATION_FORMAT = "dwarf-with-dsym";
				ENABLE_NS_ASSERTIONS = NO;
				ENABLE_STRICT_OBJC_MSGSEND = YES;
				GCC_C_LANGUAGE_STANDARD = gnu11;
				GCC_NO_COMMON_BLOCKS = YES;
				GCC_WARN_64_TO_32_BIT_CONVERSION = YES;
				GCC_WARN_ABOUT_RETURN_TYPE = YES_ERROR;
				GCC_WARN_UNDECLARED_SELECTOR = YES;
				GCC_WARN_UNINITIALIZED_AUTOS = YES_AGGRESSIVE;
				GCC_WARN_UNUSED_FUNCTION = YES;
				GCC_WARN_UNUSED_VARIABLE = YES;
				IPHONEOS_DEPLOYMENT_TARGET = 13.0;
				MTL_ENABLE_DEBUG_INFO = NO;
				MTL_FAST_MATH = YES;
				SDKROOT = iphoneos;
				SWIFT_COMPILATION_MODE = wholemodule;
				SWIFT_OPTIMIZATION_LEVEL = "-O";
				VALIDATE_PRODUCT = YES;
			};
			name = Release;
		};
		FCB27231248DB17700EB0A38 /* Debug */ = {
			isa = XCBuildConfiguration;
			baseConfigurationReference = CD9B9082CAE7FED114ABE9FB /* Pods-DinoGame.debug.xcconfig */;
			buildSettings = {
				ASSETCATALOG_COMPILER_APPICON_NAME = AppIcon;
				CODE_SIGN_ENTITLEMENTS = "DinoGame/Protect the Dinos.entitlements";
				CODE_SIGN_STYLE = Automatic;
				CURRENT_PROJECT_VERSION = 1;
				DEVELOPMENT_TEAM = P6XKT9A54H;
				INFOPLIST_FILE = DinoGame/Info.plist;
				IPHONEOS_DEPLOYMENT_TARGET = 13.0;
				LD_RUNPATH_SEARCH_PATHS = (
					"$(inherited)",
					"@executable_path/Frameworks",
				);
				MARKETING_VERSION = 1.5.5;
				PRODUCT_BUNDLE_IDENTIFIER = com.JordanKlein.ProtectDinos;
				PRODUCT_NAME = "Protect the Dinos";
				SWIFT_VERSION = 5.0;
				TARGETED_DEVICE_FAMILY = "1,2";
			};
			name = Debug;
		};
		FCB27232248DB17700EB0A38 /* Release */ = {
			isa = XCBuildConfiguration;
			baseConfigurationReference = 33735396B8B0DA1EE36F113F /* Pods-DinoGame.release.xcconfig */;
			buildSettings = {
				ASSETCATALOG_COMPILER_APPICON_NAME = AppIcon;
				CODE_SIGN_ENTITLEMENTS = "DinoGame/Protect the Dinos.entitlements";
				CODE_SIGN_STYLE = Automatic;
				CURRENT_PROJECT_VERSION = 1;
				DEVELOPMENT_TEAM = P6XKT9A54H;
				INFOPLIST_FILE = DinoGame/Info.plist;
				IPHONEOS_DEPLOYMENT_TARGET = 13.0;
				LD_RUNPATH_SEARCH_PATHS = (
					"$(inherited)",
					"@executable_path/Frameworks",
				);
				MARKETING_VERSION = 1.5.5;
				PRODUCT_BUNDLE_IDENTIFIER = com.JordanKlein.ProtectDinos;
				PRODUCT_NAME = "Protect the Dinos";
				SWIFT_VERSION = 5.0;
				TARGETED_DEVICE_FAMILY = "1,2";
			};
			name = Release;
		};
		FCB27234248DB17700EB0A38 /* Debug */ = {
			isa = XCBuildConfiguration;
			baseConfigurationReference = E0C218DDD8C88D0201AC3EDB /* Pods-DinoGameTests.debug.xcconfig */;
			buildSettings = {
				ALWAYS_EMBED_SWIFT_STANDARD_LIBRARIES = YES;
				BUNDLE_LOADER = "$(TEST_HOST)";
				CODE_SIGN_STYLE = Automatic;
				DEVELOPMENT_TEAM = P6XKT9A54H;
				INFOPLIST_FILE = DinoGameTests/Info.plist;
				IPHONEOS_DEPLOYMENT_TARGET = 13.5;
				LD_RUNPATH_SEARCH_PATHS = (
					"$(inherited)",
					"@executable_path/Frameworks",
					"@loader_path/Frameworks",
				);
				PRODUCT_BUNDLE_IDENTIFIER = JordanKlein.DinoGameTests;
				PRODUCT_NAME = "$(TARGET_NAME)";
				SWIFT_VERSION = 5.0;
				TARGETED_DEVICE_FAMILY = "1,2";
				TEST_HOST = "$(BUILT_PRODUCTS_DIR)/DinoGame.app/DinoGame";
			};
			name = Debug;
		};
		FCB27235248DB17700EB0A38 /* Release */ = {
			isa = XCBuildConfiguration;
			baseConfigurationReference = 727BFD01A73A9BAD12F6C9D9 /* Pods-DinoGameTests.release.xcconfig */;
			buildSettings = {
				ALWAYS_EMBED_SWIFT_STANDARD_LIBRARIES = YES;
				BUNDLE_LOADER = "$(TEST_HOST)";
				CODE_SIGN_STYLE = Automatic;
				DEVELOPMENT_TEAM = P6XKT9A54H;
				INFOPLIST_FILE = DinoGameTests/Info.plist;
				IPHONEOS_DEPLOYMENT_TARGET = 13.5;
				LD_RUNPATH_SEARCH_PATHS = (
					"$(inherited)",
					"@executable_path/Frameworks",
					"@loader_path/Frameworks",
				);
				PRODUCT_BUNDLE_IDENTIFIER = JordanKlein.DinoGameTests;
				PRODUCT_NAME = "$(TARGET_NAME)";
				SWIFT_VERSION = 5.0;
				TARGETED_DEVICE_FAMILY = "1,2";
				TEST_HOST = "$(BUILT_PRODUCTS_DIR)/DinoGame.app/DinoGame";
			};
			name = Release;
		};
		FCB27237248DB17700EB0A38 /* Debug */ = {
			isa = XCBuildConfiguration;
			baseConfigurationReference = A546F0D63980BB9C5769F20A /* Pods-DinoGame-DinoGameUITests.debug.xcconfig */;
			buildSettings = {
				ALWAYS_EMBED_SWIFT_STANDARD_LIBRARIES = YES;
				CODE_SIGN_STYLE = Automatic;
				DEVELOPMENT_TEAM = P6XKT9A54H;
				INFOPLIST_FILE = DinoGameUITests/Info.plist;
				LD_RUNPATH_SEARCH_PATHS = (
					"$(inherited)",
					"@executable_path/Frameworks",
					"@loader_path/Frameworks",
				);
				PRODUCT_BUNDLE_IDENTIFIER = JordanKlein.DinoGameUITests;
				PRODUCT_NAME = "$(TARGET_NAME)";
				SWIFT_VERSION = 5.0;
				TARGETED_DEVICE_FAMILY = "1,2";
				TEST_TARGET_NAME = DinoGame;
			};
			name = Debug;
		};
		FCB27238248DB17700EB0A38 /* Release */ = {
			isa = XCBuildConfiguration;
			baseConfigurationReference = 2BD63D5E86F3647BAFC54790 /* Pods-DinoGame-DinoGameUITests.release.xcconfig */;
			buildSettings = {
				ALWAYS_EMBED_SWIFT_STANDARD_LIBRARIES = YES;
				CODE_SIGN_STYLE = Automatic;
				DEVELOPMENT_TEAM = P6XKT9A54H;
				INFOPLIST_FILE = DinoGameUITests/Info.plist;
				LD_RUNPATH_SEARCH_PATHS = (
					"$(inherited)",
					"@executable_path/Frameworks",
					"@loader_path/Frameworks",
				);
				PRODUCT_BUNDLE_IDENTIFIER = JordanKlein.DinoGameUITests;
				PRODUCT_NAME = "$(TARGET_NAME)";
				SWIFT_VERSION = 5.0;
				TARGETED_DEVICE_FAMILY = "1,2";
				TEST_TARGET_NAME = DinoGame;
			};
			name = Release;
		};
/* End XCBuildConfiguration section */

/* Begin XCConfigurationList section */
		FCB271FD248DB17500EB0A38 /* Build configuration list for PBXProject "DinoGame" */ = {
			isa = XCConfigurationList;
			buildConfigurations = (
				FCB2722E248DB17700EB0A38 /* Debug */,
				FCB2722F248DB17700EB0A38 /* Release */,
			);
			defaultConfigurationIsVisible = 0;
			defaultConfigurationName = Release;
		};
		FCB27230248DB17700EB0A38 /* Build configuration list for PBXNativeTarget "DinoGame" */ = {
			isa = XCConfigurationList;
			buildConfigurations = (
				FCB27231248DB17700EB0A38 /* Debug */,
				FCB27232248DB17700EB0A38 /* Release */,
			);
			defaultConfigurationIsVisible = 0;
			defaultConfigurationName = Release;
		};
		FCB27233248DB17700EB0A38 /* Build configuration list for PBXNativeTarget "DinoGameTests" */ = {
			isa = XCConfigurationList;
			buildConfigurations = (
				FCB27234248DB17700EB0A38 /* Debug */,
				FCB27235248DB17700EB0A38 /* Release */,
			);
			defaultConfigurationIsVisible = 0;
			defaultConfigurationName = Release;
		};
		FCB27236248DB17700EB0A38 /* Build configuration list for PBXNativeTarget "DinoGameUITests" */ = {
			isa = XCConfigurationList;
			buildConfigurations = (
				FCB27237248DB17700EB0A38 /* Debug */,
				FCB27238248DB17700EB0A38 /* Release */,
			);
			defaultConfigurationIsVisible = 0;
			defaultConfigurationName = Release;
		};
/* End XCConfigurationList section */
	};
	rootObject = FCB271FA248DB17500EB0A38 /* Project object */;
}
