// !$*UTF8*$!
{
	archiveVersion = 1;
	classes = {
	};
	objectVersion = 50;
	objects = {

/* Begin PBXBuildFile section */
		FCB27206248DB17500EB0A38 /* AppDelegate.swift in Sources */ = {isa = PBXBuildFile; fileRef = FCB27205248DB17500EB0A38 /* AppDelegate.swift */; };
		FCB27208248DB17500EB0A38 /* GameScene.sks in Resources */ = {isa = PBXBuildFile; fileRef = FCB27207248DB17500EB0A38 /* GameScene.sks */; };
		FCB2720A248DB17500EB0A38 /* Actions.sks in Resources */ = {isa = PBXBuildFile; fileRef = FCB27209248DB17500EB0A38 /* Actions.sks */; };
		FCB2720C248DB17500EB0A38 /* GameScene.swift in Sources */ = {isa = PBXBuildFile; fileRef = FCB2720B248DB17500EB0A38 /* GameScene.swift */; };
		FCB2720E248DB17500EB0A38 /* GameViewController.swift in Sources */ = {isa = PBXBuildFile; fileRef = FCB2720D248DB17500EB0A38 /* GameViewController.swift */; };
		FCB27211248DB17500EB0A38 /* Main.storyboard in Resources */ = {isa = PBXBuildFile; fileRef = FCB2720F248DB17500EB0A38 /* Main.storyboard */; };
		FCB27213248DB17700EB0A38 /* Assets.xcassets in Resources */ = {isa = PBXBuildFile; fileRef = FCB27212248DB17700EB0A38 /* Assets.xcassets */; };
		FCB27216248DB17700EB0A38 /* LaunchScreen.storyboard in Resources */ = {isa = PBXBuildFile; fileRef = FCB27214248DB17700EB0A38 /* LaunchScreen.storyboard */; };
		FCB27221248DB17700EB0A38 /* DinoGameTests.swift in Sources */ = {isa = PBXBuildFile; fileRef = FCB27220248DB17700EB0A38 /* DinoGameTests.swift */; };
		FCB2722C248DB17700EB0A38 /* DinoGameUITests.swift in Sources */ = {isa = PBXBuildFile; fileRef = FCB2722B248DB17700EB0A38 /* DinoGameUITests.swift */; };
/* End PBXBuildFile section */

/* Begin PBXContainerItemProxy section */
		FCB2721D248DB17700EB0A38 /* PBXContainerItemProxy */ = {
			isa = PBXContainerItemProxy;
			containerPortal = FCB271FA248DB17500EB0A38 /* Project object */;
			proxyType = 1;
			remoteGlobalIDString = FCB27201248DB17500EB0A38;
			remoteInfo = DinoGame;
		};
		FCB27228248DB17700EB0A38 /* PBXContainerItemProxy */ = {
			isa = PBXContainerItemProxy;
			containerPortal = FCB271FA248DB17500EB0A38 /* Project object */;
			proxyType = 1;
			remoteGlobalIDString = FCB27201248DB17500EB0A38;
			remoteInfo = DinoGame;
		};
/* End PBXContainerItemProxy section */

/* Begin PBXFileReference section */
		FCB27202248DB17500EB0A38 /* DinoGame.app */ = {isa = PBXFileReference; explicitFileType = wrapper.application; includeInIndex = 0; path = DinoGame.app; sourceTree = BUILT_PRODUCTS_DIR; };
		FCB27205248DB17500EB0A38 /* AppDelegate.swift */ = {isa = PBXFileReference; lastKnownFileType = sourcecode.swift; path = AppDelegate.swift; sourceTree = "<group>"; };
		FCB27207248DB17500EB0A38 /* GameScene.sks */ = {isa = PBXFileReference; lastKnownFileType = file.sks; path = GameScene.sks; sourceTree = "<group>"; };
		FCB27209248DB17500EB0A38 /* Actions.sks */ = {isa = PBXFileReference; lastKnownFileType = file.sks; path = Actions.sks; sourceTree = "<group>"; };
		FCB2720B248DB17500EB0A38 /* GameScene.swift */ = {isa = PBXFileReference; lastKnownFileType = sourcecode.swift; path = GameScene.swift; sourceTree = "<group>"; };
		FCB2720D248DB17500EB0A38 /* GameViewController.swift */ = {isa = PBXFileReference; lastKnownFileType = sourcecode.swift; path = GameViewController.swift; sourceTree = "<group>"; };
		FCB27210248DB17500EB0A38 /* Base */ = {isa = PBXFileReference; lastKnownFileType = file.storyboard; name = Base; path = Base.lproj/Main.storyboard; sourceTree = "<group>"; };
		FCB27212248DB17700EB0A38 /* Assets.xcassets */ = {isa = PBXFileReference; lastKnownFileType = folder.assetcatalog; path = Assets.xcassets; sourceTree = "<group>"; };
		FCB27215248DB17700EB0A38 /* Base */ = {isa = PBXFileReference; lastKnownFileType = file.storyboard; name = Base; path = Base.lproj/LaunchScreen.storyboard; sourceTree = "<group>"; };
		FCB27217248DB17700EB0A38 /* Info.plist */ = {isa = PBXFileReference; lastKnownFileType = text.plist.xml; path = Info.plist; sourceTree = "<group>"; };
		FCB2721C248DB17700EB0A38 /* DinoGameTests.xctest */ = {isa = PBXFileReference; explicitFileType = wrapper.cfbundle; includeInIndex = 0; path = DinoGameTests.xctest; sourceTree = BUILT_PRODUCTS_DIR; };
		FCB27220248DB17700EB0A38 /* DinoGameTests.swift */ = {isa = PBXFileReference; lastKnownFileType = sourcecode.swift; path = DinoGameTests.swift; sourceTree = "<group>"; };
		FCB27222248DB17700EB0A38 /* Info.plist */ = {isa = PBXFileReference; lastKnownFileType = text.plist.xml; path = Info.plist; sourceTree = "<group>"; };
		FCB27227248DB17700EB0A38 /* DinoGameUITests.xctest */ = {isa = PBXFileReference; explicitFileType = wrapper.cfbundle; includeInIndex = 0; path = DinoGameUITests.xctest; sourceTree = BUILT_PRODUCTS_DIR; };
		FCB2722B248DB17700EB0A38 /* DinoGameUITests.swift */ = {isa = PBXFileReference; lastKnownFileType = sourcecode.swift; path = DinoGameUITests.swift; sourceTree = "<group>"; };
		FCB2722D248DB17700EB0A38 /* Info.plist */ = {isa = PBXFileReference; lastKnownFileType = text.plist.xml; path = Info.plist; sourceTree = "<group>"; };
/* End PBXFileReference section */

/* Begin PBXFrameworksBuildPhase section */
		FCB271FF248DB17500EB0A38 /* Frameworks */ = {
			isa = PBXFrameworksBuildPhase;
			buildActionMask = 2147483647;
			files = (
			);
			runOnlyForDeploymentPostprocessing = 0;
		};
		FCB27219248DB17700EB0A38 /* Frameworks */ = {
			isa = PBXFrameworksBuildPhase;
			buildActionMask = 2147483647;
			files = (
			);
			runOnlyForDeploymentPostprocessing = 0;
		};
		FCB27224248DB17700EB0A38 /* Frameworks */ = {
			isa = PBXFrameworksBuildPhase;
			buildActionMask = 2147483647;
			files = (
			);
			runOnlyForDeploymentPostprocessing = 0;
		};
/* End PBXFrameworksBuildPhase section */

/* Begin PBXGroup section */
		FCB271F9248DB17500EB0A38 = {
			isa = PBXGroup;
			children = (
				FCB27204248DB17500EB0A38 /* DinoGame */,
				FCB2721F248DB17700EB0A38 /* DinoGameTests */,
				FCB2722A248DB17700EB0A38 /* DinoGameUITests */,
				FCB27203248DB17500EB0A38 /* Products */,
			);
			sourceTree = "<group>";
		};
		FCB27203248DB17500EB0A38 /* Products */ = {
			isa = PBXGroup;
			children = (
				FCB27202248DB17500EB0A38 /* DinoGame.app */,
				FCB2721C248DB17700EB0A38 /* DinoGameTests.xctest */,
				FCB27227248DB17700EB0A38 /* DinoGameUITests.xctest */,
			);
			name = Products;
			sourceTree = "<group>";
		};
		FCB27204248DB17500EB0A38 /* DinoGame */ = {
			isa = PBXGroup;
			children = (
				FCB27205248DB17500EB0A38 /* AppDelegate.swift */,
				FCB27207248DB17500EB0A38 /* GameScene.sks */,
				FCB27209248DB17500EB0A38 /* Actions.sks */,
				FCB2720B248DB17500EB0A38 /* GameScene.swift */,
				FCB2720D248DB17500EB0A38 /* GameViewController.swift */,
				FCB2720F248DB17500EB0A38 /* Main.storyboard */,
				FCB27212248DB17700EB0A38 /* Assets.xcassets */,
				FCB27214248DB17700EB0A38 /* LaunchScreen.storyboard */,
				FCB27217248DB17700EB0A38 /* Info.plist */,
			);
			path = DinoGame;
			sourceTree = "<group>";
		};
		FCB2721F248DB17700EB0A38 /* DinoGameTests */ = {
			isa = PBXGroup;
			children = (
				FCB27220248DB17700EB0A38 /* DinoGameTests.swift */,
				FCB27222248DB17700EB0A38 /* Info.plist */,
			);
			path = DinoGameTests;
			sourceTree = "<group>";
		};
		FCB2722A248DB17700EB0A38 /* DinoGameUITests */ = {
			isa = PBXGroup;
			children = (
				FCB2722B248DB17700EB0A38 /* DinoGameUITests.swift */,
				FCB2722D248DB17700EB0A38 /* Info.plist */,
			);
			path = DinoGameUITests;
			sourceTree = "<group>";
		};
/* End PBXGroup section */

/* Begin PBXNativeTarget section */
		FCB27201248DB17500EB0A38 /* DinoGame */ = {
			isa = PBXNativeTarget;
			buildConfigurationList = FCB27230248DB17700EB0A38 /* Build configuration list for PBXNativeTarget "DinoGame" */;
			buildPhases = (
				FCB271FE248DB17500EB0A38 /* Sources */,
				FCB271FF248DB17500EB0A38 /* Frameworks */,
				FCB27200248DB17500EB0A38 /* Resources */,
			);
			buildRules = (
			);
			dependencies = (
			);
			name = DinoGame;
			productName = DinoGame;
			productReference = FCB27202248DB17500EB0A38 /* DinoGame.app */;
			productType = "com.apple.product-type.application";
		};
		FCB2721B248DB17700EB0A38 /* DinoGameTests */ = {
			isa = PBXNativeTarget;
			buildConfigurationList = FCB27233248DB17700EB0A38 /* Build configuration list for PBXNativeTarget "DinoGameTests" */;
			buildPhases = (
				FCB27218248DB17700EB0A38 /* Sources */,
				FCB27219248DB17700EB0A38 /* Frameworks */,
				FCB2721A248DB17700EB0A38 /* Resources */,
			);
			buildRules = (
			);
			dependencies = (
				FCB2721E248DB17700EB0A38 /* PBXTargetDependency */,
			);
			name = DinoGameTests;
			productName = DinoGameTests;
			productReference = FCB2721C248DB17700EB0A38 /* DinoGameTests.xctest */;
			productType = "com.apple.product-type.bundle.unit-test";
		};
		FCB27226248DB17700EB0A38 /* DinoGameUITests */ = {
			isa = PBXNativeTarget;
			buildConfigurationList = FCB27236248DB17700EB0A38 /* Build configuration list for PBXNativeTarget "DinoGameUITests" */;
			buildPhases = (
				FCB27223248DB17700EB0A38 /* Sources */,
				FCB27224248DB17700EB0A38 /* Frameworks */,
				FCB27225248DB17700EB0A38 /* Resources */,
			);
			buildRules = (
			);
			dependencies = (
				FCB27229248DB17700EB0A38 /* PBXTargetDependency */,
			);
			name = DinoGameUITests;
			productName = DinoGameUITests;
			productReference = FCB27227248DB17700EB0A38 /* DinoGameUITests.xctest */;
			productType = "com.apple.product-type.bundle.ui-testing";
		};
/* End PBXNativeTarget section */

/* Begin PBXProject section */
		FCB271FA248DB17500EB0A38 /* Project object */ = {
			isa = PBXProject;
			attributes = {
				LastSwiftUpdateCheck = 1150;
				LastUpgradeCheck = 1150;
				ORGANIZATIONNAME = JordanKlein;
				TargetAttributes = {
					FCB27201248DB17500EB0A38 = {
						CreatedOnToolsVersion = 11.5;
					};
					FCB2721B248DB17700EB0A38 = {
						CreatedOnToolsVersion = 11.5;
						TestTargetID = FCB27201248DB17500EB0A38;
					};
					FCB27226248DB17700EB0A38 = {
						CreatedOnToolsVersion = 11.5;
						TestTargetID = FCB27201248DB17500EB0A38;
					};
				};
			};
			buildConfigurationList = FCB271FD248DB17500EB0A38 /* Build configuration list for PBXProject "DinoGame" */;
			compatibilityVersion = "Xcode 9.3";
			developmentRegion = en;
			hasScannedForEncodings = 0;
			knownRegions = (
				en,
				Base,
			);
			mainGroup = FCB271F9248DB17500EB0A38;
			productRefGroup = FCB27203248DB17500EB0A38 /* Products */;
			projectDirPath = "";
			projectRoot = "";
			targets = (
				FCB27201248DB17500EB0A38 /* DinoGame */,
				FCB2721B248DB17700EB0A38 /* DinoGameTests */,
				FCB27226248DB17700EB0A38 /* DinoGameUITests */,
			);
		};
/* End PBXProject section */

/* Begin PBXResourcesBuildPhase section */
		FCB27200248DB17500EB0A38 /* Resources */ = {
			isa = PBXResourcesBuildPhase;
			buildActionMask = 2147483647;
			files = (
				FCB27211248DB17500EB0A38 /* Main.storyboard in Resources */,
				FCB27208248DB17500EB0A38 /* GameScene.sks in Resources */,
				FCB27213248DB17700EB0A38 /* Assets.xcassets in Resources */,
				FCB27216248DB17700EB0A38 /* LaunchScreen.storyboard in Resources */,
				FCB2720A248DB17500EB0A38 /* Actions.sks in Resources */,
			);
			runOnlyForDeploymentPostprocessing = 0;
		};
		FCB2721A248DB17700EB0A38 /* Resources */ = {
			isa = PBXResourcesBuildPhase;
			buildActionMask = 2147483647;
			files = (
			);
			runOnlyForDeploymentPostprocessing = 0;
		};
		FCB27225248DB17700EB0A38 /* Resources */ = {
			isa = PBXResourcesBuildPhase;
			buildActionMask = 2147483647;
			files = (
			);
			runOnlyForDeploymentPostprocessing = 0;
		};
/* End PBXResourcesBuildPhase section */

/* Begin PBXSourcesBuildPhase section */
		FCB271FE248DB17500EB0A38 /* Sources */ = {
			isa = PBXSourcesBuildPhase;
			buildActionMask = 2147483647;
			files = (
				FCB2720C248DB17500EB0A38 /* GameScene.swift in Sources */,
				FCB2720E248DB17500EB0A38 /* GameViewController.swift in Sources */,
				FCB27206248DB17500EB0A38 /* AppDelegate.swift in Sources */,
			);
			runOnlyForDeploymentPostprocessing = 0;
		};
		FCB27218248DB17700EB0A38 /* Sources */ = {
			isa = PBXSourcesBuildPhase;
			buildActionMask = 2147483647;
			files = (
				FCB27221248DB17700EB0A38 /* DinoGameTests.swift in Sources */,
			);
			runOnlyForDeploymentPostprocessing = 0;
		};
		FCB27223248DB17700EB0A38 /* Sources */ = {
			isa = PBXSourcesBuildPhase;
			buildActionMask = 2147483647;
			files = (
				FCB2722C248DB17700EB0A38 /* DinoGameUITests.swift in Sources */,
			);
			runOnlyForDeploymentPostprocessing = 0;
		};
/* End PBXSourcesBuildPhase section */

/* Begin PBXTargetDependency section */
		FCB2721E248DB17700EB0A38 /* PBXTargetDependency */ = {
			isa = PBXTargetDependency;
			target = FCB27201248DB17500EB0A38 /* DinoGame */;
			targetProxy = FCB2721D248DB17700EB0A38 /* PBXContainerItemProxy */;
		};
		FCB27229248DB17700EB0A38 /* PBXTargetDependency */ = {
			isa = PBXTargetDependency;
			target = FCB27201248DB17500EB0A38 /* DinoGame */;
			targetProxy = FCB27228248DB17700EB0A38 /* PBXContainerItemProxy */;
		};
/* End PBXTargetDependency section */

/* Begin PBXVariantGroup section */
		FCB2720F248DB17500EB0A38 /* Main.storyboard */ = {
			isa = PBXVariantGroup;
			children = (
				FCB27210248DB17500EB0A38 /* Base */,
			);
			name = Main.storyboard;
			sourceTree = "<group>";
		};
		FCB27214248DB17700EB0A38 /* LaunchScreen.storyboard */ = {
			isa = PBXVariantGroup;
			children = (
				FCB27215248DB17700EB0A38 /* Base */,
			);
			name = LaunchScreen.storyboard;
			sourceTree = "<group>";
		};
/* End PBXVariantGroup section */

/* Begin XCBuildConfiguration section */
		FCB2722E248DB17700EB0A38 /* Debug */ = {
			isa = XCBuildConfiguration;
			buildSettings = {
				ALWAYS_SEARCH_USER_PATHS = NO;
				CLANG_ANALYZER_NONNULL = YES;
				CLANG_ANALYZER_NUMBER_OBJECT_CONVERSION = YES_AGGRESSIVE;
				CLANG_CXX_LANGUAGE_STANDARD = "gnu++14";
				CLANG_CXX_LIBRARY = "libc++";
				CLANG_ENABLE_MODULES = YES;
				CLANG_ENABLE_OBJC_ARC = YES;
				CLANG_ENABLE_OBJC_WEAK = YES;
				CLANG_WARN_BLOCK_CAPTURE_AUTORELEASING = YES;
				CLANG_WARN_BOOL_CONVERSION = YES;
				CLANG_WARN_COMMA = YES;
				CLANG_WARN_CONSTANT_CONVERSION = YES;
				CLANG_WARN_DEPRECATED_OBJC_IMPLEMENTATIONS = YES;
				CLANG_WARN_DIRECT_OBJC_ISA_USAGE = YES_ERROR;
				CLANG_WARN_DOCUMENTATION_COMMENTS = YES;
				CLANG_WARN_EMPTY_BODY = YES;
				CLANG_WARN_ENUM_CONVERSION = YES;
				CLANG_WARN_INFINITE_RECURSION = YES;
				CLANG_WARN_INT_CONVERSION = YES;
				CLANG_WARN_NON_LITERAL_NULL_CONVERSION = YES;
				CLANG_WARN_OBJC_IMPLICIT_RETAIN_SELF = YES;
				CLANG_WARN_OBJC_LITERAL_CONVERSION = YES;
				CLANG_WARN_OBJC_ROOT_CLASS = YES_ERROR;
				CLANG_WARN_RANGE_LOOP_ANALYSIS = YES;
				CLANG_WARN_STRICT_PROTOTYPES = YES;
				CLANG_WARN_SUSPICIOUS_MOVE = YES;
				CLANG_WARN_UNGUARDED_AVAILABILITY = YES_AGGRESSIVE;
				CLANG_WARN_UNREACHABLE_CODE = YES;
				CLANG_WARN__DUPLICATE_METHOD_MATCH = YES;
				COPY_PHASE_STRIP = NO;
				DEBUG_INFORMATION_FORMAT = dwarf;
				ENABLE_STRICT_OBJC_MSGSEND = YES;
				ENABLE_TESTABILITY = YES;
				GCC_C_LANGUAGE_STANDARD = gnu11;
				GCC_DYNAMIC_NO_PIC = NO;
				GCC_NO_COMMON_BLOCKS = YES;
				GCC_OPTIMIZATION_LEVEL = 0;
				GCC_PREPROCESSOR_DEFINITIONS = (
					"DEBUG=1",
					"$(inherited)",
				);
				GCC_WARN_64_TO_32_BIT_CONVERSION = YES;
				GCC_WARN_ABOUT_RETURN_TYPE = YES_ERROR;
				GCC_WARN_UNDECLARED_SELECTOR = YES;
				GCC_WARN_UNINITIALIZED_AUTOS = YES_AGGRESSIVE;
				GCC_WARN_UNUSED_FUNCTION = YES;
				GCC_WARN_UNUSED_VARIABLE = YES;
				IPHONEOS_DEPLOYMENT_TARGET = 13.5;
				MTL_ENABLE_DEBUG_INFO = INCLUDE_SOURCE;
				MTL_FAST_MATH = YES;
				ONLY_ACTIVE_ARCH = YES;
				SDKROOT = iphoneos;
				SWIFT_ACTIVE_COMPILATION_CONDITIONS = DEBUG;
				SWIFT_OPTIMIZATION_LEVEL = "-Onone";
			};
			name = Debug;
		};
		FCB2722F248DB17700EB0A38 /* Release */ = {
			isa = XCBuildConfiguration;
			buildSettings = {
				ALWAYS_SEARCH_USER_PATHS = NO;
				CLANG_ANALYZER_NONNULL = YES;
				CLANG_ANALYZER_NUMBER_OBJECT_CONVERSION = YES_AGGRESSIVE;
				CLANG_CXX_LANGUAGE_STANDARD = "gnu++14";
				CLANG_CXX_LIBRARY = "libc++";
				CLANG_ENABLE_MODULES = YES;
				CLANG_ENABLE_OBJC_ARC = YES;
				CLANG_ENABLE_OBJC_WEAK = YES;
				CLANG_WARN_BLOCK_CAPTURE_AUTORELEASING = YES;
				CLANG_WARN_BOOL_CONVERSION = YES;
				CLANG_WARN_COMMA = YES;
				CLANG_WARN_CONSTANT_CONVERSION = YES;
				CLANG_WARN_DEPRECATED_OBJC_IMPLEMENTATIONS = YES;
				CLANG_WARN_DIRECT_OBJC_ISA_USAGE = YES_ERROR;
				CLANG_WARN_DOCUMENTATION_COMMENTS = YES;
				CLANG_WARN_EMPTY_BODY = YES;
				CLANG_WARN_ENUM_CONVERSION = YES;
				CLANG_WARN_INFINITE_RECURSION = YES;
				CLANG_WARN_INT_CONVERSION = YES;
				CLANG_WARN_NON_LITERAL_NULL_CONVERSION = YES;
				CLANG_WARN_OBJC_IMPLICIT_RETAIN_SELF = YES;
				CLANG_WARN_OBJC_LITERAL_CONVERSION = YES;
				CLANG_WARN_OBJC_ROOT_CLASS = YES_ERROR;
				CLANG_WARN_RANGE_LOOP_ANALYSIS = YES;
				CLANG_WARN_STRICT_PROTOTYPES = YES;
				CLANG_WARN_SUSPICIOUS_MOVE = YES;
				CLANG_WARN_UNGUARDED_AVAILABILITY = YES_AGGRESSIVE;
				CLANG_WARN_UNREACHABLE_CODE = YES;
				CLANG_WARN__DUPLICATE_METHOD_MATCH = YES;
				COPY_PHASE_STRIP = NO;
				DEBUG_INFORMATION_FORMAT = "dwarf-with-dsym";
				ENABLE_NS_ASSERTIONS = NO;
				ENABLE_STRICT_OBJC_MSGSEND = YES;
				GCC_C_LANGUAGE_STANDARD = gnu11;
				GCC_NO_COMMON_BLOCKS = YES;
				GCC_WARN_64_TO_32_BIT_CONVERSION = YES;
				GCC_WARN_ABOUT_RETURN_TYPE = YES_ERROR;
				GCC_WARN_UNDECLARED_SELECTOR = YES;
				GCC_WARN_UNINITIALIZED_AUTOS = YES_AGGRESSIVE;
				GCC_WARN_UNUSED_FUNCTION = YES;
				GCC_WARN_UNUSED_VARIABLE = YES;
				IPHONEOS_DEPLOYMENT_TARGET = 13.5;
				MTL_ENABLE_DEBUG_INFO = NO;
				MTL_FAST_MATH = YES;
				SDKROOT = iphoneos;
				SWIFT_COMPILATION_MODE = wholemodule;
				SWIFT_OPTIMIZATION_LEVEL = "-O";
				VALIDATE_PRODUCT = YES;
			};
			name = Release;
		};
		FCB27231248DB17700EB0A38 /* Debug */ = {
			isa = XCBuildConfiguration;
			buildSettings = {
				ASSETCATALOG_COMPILER_APPICON_NAME = AppIcon;
				CODE_SIGN_STYLE = Automatic;
				DEVELOPMENT_TEAM = P6XKT9A54H;
				INFOPLIST_FILE = DinoGame/Info.plist;
				LD_RUNPATH_SEARCH_PATHS = (
					"$(inherited)",
					"@executable_path/Frameworks",
				);
				PRODUCT_BUNDLE_IDENTIFIER = JordanKlein.DinoGame;
				PRODUCT_NAME = "$(TARGET_NAME)";
				SWIFT_VERSION = 5.0;
				TARGETED_DEVICE_FAMILY = "1,2";
			};
			name = Debug;
		};
		FCB27232248DB17700EB0A38 /* Release */ = {
			isa = XCBuildConfiguration;
			buildSettings = {
				ASSETCATALOG_COMPILER_APPICON_NAME = AppIcon;
				CODE_SIGN_STYLE = Automatic;
				DEVELOPMENT_TEAM = P6XKT9A54H;
				INFOPLIST_FILE = DinoGame/Info.plist;
				LD_RUNPATH_SEARCH_PATHS = (
					"$(inherited)",
					"@executable_path/Frameworks",
				);
				PRODUCT_BUNDLE_IDENTIFIER = JordanKlein.DinoGame;
				PRODUCT_NAME = "$(TARGET_NAME)";
				SWIFT_VERSION = 5.0;
				TARGETED_DEVICE_FAMILY = "1,2";
			};
			name = Release;
		};
		FCB27234248DB17700EB0A38 /* Debug */ = {
			isa = XCBuildConfiguration;
			buildSettings = {
				ALWAYS_EMBED_SWIFT_STANDARD_LIBRARIES = YES;
				BUNDLE_LOADER = "$(TEST_HOST)";
				CODE_SIGN_STYLE = Automatic;
				DEVELOPMENT_TEAM = P6XKT9A54H;
				INFOPLIST_FILE = DinoGameTests/Info.plist;
				IPHONEOS_DEPLOYMENT_TARGET = 13.5;
				LD_RUNPATH_SEARCH_PATHS = (
					"$(inherited)",
					"@executable_path/Frameworks",
					"@loader_path/Frameworks",
				);
				PRODUCT_BUNDLE_IDENTIFIER = JordanKlein.DinoGameTests;
				PRODUCT_NAME = "$(TARGET_NAME)";
				SWIFT_VERSION = 5.0;
				TARGETED_DEVICE_FAMILY = "1,2";
				TEST_HOST = "$(BUILT_PRODUCTS_DIR)/DinoGame.app/DinoGame";
			};
			name = Debug;
		};
		FCB27235248DB17700EB0A38 /* Release */ = {
			isa = XCBuildConfiguration;
			buildSettings = {
				ALWAYS_EMBED_SWIFT_STANDARD_LIBRARIES = YES;
				BUNDLE_LOADER = "$(TEST_HOST)";
				CODE_SIGN_STYLE = Automatic;
				DEVELOPMENT_TEAM = P6XKT9A54H;
				INFOPLIST_FILE = DinoGameTests/Info.plist;
				IPHONEOS_DEPLOYMENT_TARGET = 13.5;
				LD_RUNPATH_SEARCH_PATHS = (
					"$(inherited)",
					"@executable_path/Frameworks",
					"@loader_path/Frameworks",
				);
				PRODUCT_BUNDLE_IDENTIFIER = JordanKlein.DinoGameTests;
				PRODUCT_NAME = "$(TARGET_NAME)";
				SWIFT_VERSION = 5.0;
				TARGETED_DEVICE_FAMILY = "1,2";
				TEST_HOST = "$(BUILT_PRODUCTS_DIR)/DinoGame.app/DinoGame";
			};
			name = Release;
		};
		FCB27237248DB17700EB0A38 /* Debug */ = {
			isa = XCBuildConfiguration;
			buildSettings = {
				ALWAYS_EMBED_SWIFT_STANDARD_LIBRARIES = YES;
				CODE_SIGN_STYLE = Automatic;
				DEVELOPMENT_TEAM = P6XKT9A54H;
				INFOPLIST_FILE = DinoGameUITests/Info.plist;
				LD_RUNPATH_SEARCH_PATHS = (
					"$(inherited)",
					"@executable_path/Frameworks",
					"@loader_path/Frameworks",
				);
				PRODUCT_BUNDLE_IDENTIFIER = JordanKlein.DinoGameUITests;
				PRODUCT_NAME = "$(TARGET_NAME)";
				SWIFT_VERSION = 5.0;
				TARGETED_DEVICE_FAMILY = "1,2";
				TEST_TARGET_NAME = DinoGame;
			};
			name = Debug;
		};
		FCB27238248DB17700EB0A38 /* Release */ = {
			isa = XCBuildConfiguration;
			buildSettings = {
				ALWAYS_EMBED_SWIFT_STANDARD_LIBRARIES = YES;
				CODE_SIGN_STYLE = Automatic;
				DEVELOPMENT_TEAM = P6XKT9A54H;
				INFOPLIST_FILE = DinoGameUITests/Info.plist;
				LD_RUNPATH_SEARCH_PATHS = (
					"$(inherited)",
					"@executable_path/Frameworks",
					"@loader_path/Frameworks",
				);
				PRODUCT_BUNDLE_IDENTIFIER = JordanKlein.DinoGameUITests;
				PRODUCT_NAME = "$(TARGET_NAME)";
				SWIFT_VERSION = 5.0;
				TARGETED_DEVICE_FAMILY = "1,2";
				TEST_TARGET_NAME = DinoGame;
			};
			name = Release;
		};
/* End XCBuildConfiguration section */

/* Begin XCConfigurationList section */
		FCB271FD248DB17500EB0A38 /* Build configuration list for PBXProject "DinoGame" */ = {
			isa = XCConfigurationList;
			buildConfigurations = (
				FCB2722E248DB17700EB0A38 /* Debug */,
				FCB2722F248DB17700EB0A38 /* Release */,
			);
			defaultConfigurationIsVisible = 0;
			defaultConfigurationName = Release;
		};
		FCB27230248DB17700EB0A38 /* Build configuration list for PBXNativeTarget "DinoGame" */ = {
			isa = XCConfigurationList;
			buildConfigurations = (
				FCB27231248DB17700EB0A38 /* Debug */,
				FCB27232248DB17700EB0A38 /* Release */,
			);
			defaultConfigurationIsVisible = 0;
			defaultConfigurationName = Release;
		};
		FCB27233248DB17700EB0A38 /* Build configuration list for PBXNativeTarget "DinoGameTests" */ = {
			isa = XCConfigurationList;
			buildConfigurations = (
				FCB27234248DB17700EB0A38 /* Debug */,
				FCB27235248DB17700EB0A38 /* Release */,
			);
			defaultConfigurationIsVisible = 0;
			defaultConfigurationName = Release;
		};
		FCB27236248DB17700EB0A38 /* Build configuration list for PBXNativeTarget "DinoGameUITests" */ = {
			isa = XCConfigurationList;
			buildConfigurations = (
				FCB27237248DB17700EB0A38 /* Debug */,
				FCB27238248DB17700EB0A38 /* Release */,
			);
			defaultConfigurationIsVisible = 0;
			defaultConfigurationName = Release;
		};
/* End XCConfigurationList section */
	};
	rootObject = FCB271FA248DB17500EB0A38 /* Project object */;
}
